// !$*UTF8*$!
{
	archiveVersion = 1;
	classes = {
	};
	objectVersion = 56;
	objects = {

/* Begin PBXBuildFile section */
		3711BC5C2A284490007A86CB /* GameCenterKit in Frameworks */ = {isa = PBXBuildFile; productRef = 3711BC5B2A284490007A86CB /* GameCenterKit */; };
		371FDBC12A1B0B5F0050C353 /* LaunchScreenStep.swift in Sources */ = {isa = PBXBuildFile; fileRef = 371FDBC02A1B0B5F0050C353 /* LaunchScreenStep.swift */; };
		371FDBC32A1B0BA70050C353 /* LaunchScreenStateManager.swift in Sources */ = {isa = PBXBuildFile; fileRef = 371FDBC22A1B0BA70050C353 /* LaunchScreenStateManager.swift */; };
		371FDBC52A1B0C1D0050C353 /* LaunchScreenView.swift in Sources */ = {isa = PBXBuildFile; fileRef = 371FDBC42A1B0C1D0050C353 /* LaunchScreenView.swift */; };
		371FDBC72A1B0CCA0050C353 /* ContentView.swift in Sources */ = {isa = PBXBuildFile; fileRef = 371FDBC62A1B0CCA0050C353 /* ContentView.swift */; };
		371FDBCB2A1C10850050C353 /* TabBar.swift in Sources */ = {isa = PBXBuildFile; fileRef = 371FDBCA2A1C10850050C353 /* TabBar.swift */; };
		371FDBCD2A1C19DA0050C353 /* Tab.swift in Sources */ = {isa = PBXBuildFile; fileRef = 371FDBCC2A1C19DA0050C353 /* Tab.swift */; };
		37244D292A26B1B2002CF419 /* Extension+View.swift in Sources */ = {isa = PBXBuildFile; fileRef = 37244D282A26B1B2002CF419 /* Extension+View.swift */; };
		37244D2E2A27DFF3002CF419 /* GameKit.framework in Frameworks */ = {isa = PBXBuildFile; fileRef = 37244D2C2A27DFEC002CF419 /* GameKit.framework */; };
		37244D332A27E176002CF419 /* GKMatchmakerViewController.swift in Sources */ = {isa = PBXBuildFile; fileRef = 37244D322A27E176002CF419 /* GKMatchmakerViewController.swift */; };
		37244D352A27E183002CF419 /* GameCenterHelper.swift in Sources */ = {isa = PBXBuildFile; fileRef = 37244D342A27E183002CF419 /* GameCenterHelper.swift */; };
		373A6FBB2A1D43F4006924AC /* Styles.swift in Sources */ = {isa = PBXBuildFile; fileRef = 373A6FBA2A1D43F4006924AC /* Styles.swift */; };
		373A6FBF2A1D4835006924AC /* FeaturedItem.swift in Sources */ = {isa = PBXBuildFile; fileRef = 373A6FBE2A1D4835006924AC /* FeaturedItem.swift */; };
		373A6FC12A1D4A85006924AC /* NavigationBar.swift in Sources */ = {isa = PBXBuildFile; fileRef = 373A6FC02A1D4A85006924AC /* NavigationBar.swift */; };
		373A6FC32A1D593F006924AC /* PreferenceKeys.swift in Sources */ = {isa = PBXBuildFile; fileRef = 373A6FC22A1D593F006924AC /* PreferenceKeys.swift */; };
		373A6FC52A1D6259006924AC /* AnimatableFontModifier.swift in Sources */ = {isa = PBXBuildFile; fileRef = 373A6FC42A1D6259006924AC /* AnimatableFontModifier.swift */; };
		373A6FC72A1D89D7006924AC /* Game.swift in Sources */ = {isa = PBXBuildFile; fileRef = 373A6FC62A1D89D7006924AC /* Game.swift */; };
		374914F72A26239B00E6EEEB /* TicTacToe.swift in Sources */ = {isa = PBXBuildFile; fileRef = 374914D92A26239900E6EEEB /* TicTacToe.swift */; };
		374914F92A26239B00E6EEEB /* Collection + Extensions.swift in Sources */ = {isa = PBXBuildFile; fileRef = 374914DB2A26239900E6EEEB /* Collection + Extensions.swift */; };
		374914FA2A26239B00E6EEEB /* TicTacToeApp.swift in Sources */ = {isa = PBXBuildFile; fileRef = 374914DD2A26239900E6EEEB /* TicTacToeApp.swift */; };
		374914FB2A26239B00E6EEEB /* GridButton.swift in Sources */ = {isa = PBXBuildFile; fileRef = 374914DF2A26239900E6EEEB /* GridButton.swift */; };
		374914FC2A26239B00E6EEEB /* TicTacToeGrid.swift in Sources */ = {isa = PBXBuildFile; fileRef = 374914E02A26239900E6EEEB /* TicTacToeGrid.swift */; };
		374914FD2A26239B00E6EEEB /* PlayerView.swift in Sources */ = {isa = PBXBuildFile; fileRef = 374914E12A26239900E6EEEB /* PlayerView.swift */; };
		374914FE2A26239B00E6EEEB /* Controls.swift in Sources */ = {isa = PBXBuildFile; fileRef = 374914E22A26239900E6EEEB /* Controls.swift */; };
		374914FF2A26239B00E6EEEB /* GridLines.swift in Sources */ = {isa = PBXBuildFile; fileRef = 374914E32A26239900E6EEEB /* GridLines.swift */; };
		374915002A26239B00E6EEEB /* ContentViewTTT.swift in Sources */ = {isa = PBXBuildFile; fileRef = 374914E42A26239900E6EEEB /* ContentViewTTT.swift */; };
		374915012A26239B00E6EEEB /* Appearance.swift in Sources */ = {isa = PBXBuildFile; fileRef = 374914E52A26239900E6EEEB /* Appearance.swift */; };
		374915282A26439200E6EEEB /* words-5.txt in Resources */ = {isa = PBXBuildFile; fileRef = 3749150A2A26438F00E6EEEB /* words-5.txt */; };
		374915292A26439200E6EEEB /* common-words-5.txt in Resources */ = {isa = PBXBuildFile; fileRef = 3749150B2A26438F00E6EEEB /* common-words-5.txt */; };
		3749152B2A26439200E6EEEB /* ContentViewWordley.swift in Sources */ = {isa = PBXBuildFile; fileRef = 3749150D2A26439000E6EEEB /* ContentViewWordley.swift */; };
		3749152C2A26439200E6EEEB /* CurrentGuessView.swift in Sources */ = {isa = PBXBuildFile; fileRef = 3749150F2A26439000E6EEEB /* CurrentGuessView.swift */; };
		3749152D2A26439200E6EEEB /* ActionBarView.swift in Sources */ = {isa = PBXBuildFile; fileRef = 374915102A26439000E6EEEB /* ActionBarView.swift */; };
		3749152E2A26439200E6EEEB /* EmptyBoxView.swift in Sources */ = {isa = PBXBuildFile; fileRef = 374915112A26439000E6EEEB /* EmptyBoxView.swift */; };
		3749152F2A26439200E6EEEB /* GameResultView.swift in Sources */ = {isa = PBXBuildFile; fileRef = 374915122A26439000E6EEEB /* GameResultView.swift */; };
		374915302A26439200E6EEEB /* GuessBoxView.swift in Sources */ = {isa = PBXBuildFile; fileRef = 374915132A26439000E6EEEB /* GuessBoxView.swift */; };
		374915312A26439200E6EEEB /* GameBoardView.swift in Sources */ = {isa = PBXBuildFile; fileRef = 374915142A26439000E6EEEB /* GameBoardView.swift */; };
		374915332A26439200E6EEEB /* GameStatistics.swift in Sources */ = {isa = PBXBuildFile; fileRef = 374915172A26439000E6EEEB /* GameStatistics.swift */; };
		374915342A26439200E6EEEB /* Guess.swift in Sources */ = {isa = PBXBuildFile; fileRef = 374915182A26439000E6EEEB /* Guess.swift */; };
		374915352A26439200E6EEEB /* Dictionary.swift in Sources */ = {isa = PBXBuildFile; fileRef = 374915192A26439000E6EEEB /* Dictionary.swift */; };
		374915362A26439200E6EEEB /* GuessingGame.swift in Sources */ = {isa = PBXBuildFile; fileRef = 3749151A2A26439000E6EEEB /* GuessingGame.swift */; };
		374915372A26439200E6EEEB /* GuessedLetter.swift in Sources */ = {isa = PBXBuildFile; fileRef = 3749151B2A26439000E6EEEB /* GuessedLetter.swift */; };
		374915392A26439200E6EEEB /* KeyboardViewWordley.swift in Sources */ = {isa = PBXBuildFile; fileRef = 3749151E2A26439100E6EEEB /* KeyboardViewWordley.swift */; };
		3749153A2A26439200E6EEEB /* KeyButtonView.swift in Sources */ = {isa = PBXBuildFile; fileRef = 3749151F2A26439100E6EEEB /* KeyButtonView.swift */; };
		3749153B2A26439200E6EEEB /* Preview Assets.xcassets in Resources */ = {isa = PBXBuildFile; fileRef = 374915212A26439100E6EEEB /* Preview Assets.xcassets */; };
		3749153D2A26439200E6EEEB /* StatisticsView.swift in Sources */ = {isa = PBXBuildFile; fileRef = 374915242A26439200E6EEEB /* StatisticsView.swift */; };
		3749153E2A26439200E6EEEB /* ShowResultView.swift in Sources */ = {isa = PBXBuildFile; fileRef = 374915252A26439200E6EEEB /* ShowResultView.swift */; };
		3749153F2A26439200E6EEEB /* ResultsSummaryView.swift in Sources */ = {isa = PBXBuildFile; fileRef = 374915262A26439200E6EEEB /* ResultsSummaryView.swift */; };
		374915402A26439200E6EEEB /* ActivitySheetView.swift in Sources */ = {isa = PBXBuildFile; fileRef = 374915272A26439200E6EEEB /* ActivitySheetView.swift */; };
		3749D3CB2A1AB9A5009FD1E7 /* platiciti_redesignApp.swift in Sources */ = {isa = PBXBuildFile; fileRef = 3749D3CA2A1AB9A5009FD1E7 /* platiciti_redesignApp.swift */; };
		3749D3CF2A1AB9AB009FD1E7 /* Assets.xcassets in Resources */ = {isa = PBXBuildFile; fileRef = 3749D3CE2A1AB9AB009FD1E7 /* Assets.xcassets */; };
		3749D3D22A1AB9AB009FD1E7 /* Preview Assets.xcassets in Resources */ = {isa = PBXBuildFile; fileRef = 3749D3D12A1AB9AB009FD1E7 /* Preview Assets.xcassets */; };
		3749D3F22A1AE1C6009FD1E7 /* HomeView.swift in Sources */ = {isa = PBXBuildFile; fileRef = 3749D3F12A1AE1C6009FD1E7 /* HomeView.swift */; };
		3749D3F62A1AE240009FD1E7 /* iMessageView.swift in Sources */ = {isa = PBXBuildFile; fileRef = 3749D3F52A1AE240009FD1E7 /* iMessageView.swift */; };
		3749D3FA2A1AE8A1009FD1E7 /* ShareView.swift in Sources */ = {isa = PBXBuildFile; fileRef = 3749D3F92A1AE8A1009FD1E7 /* ShareView.swift */; };
		37C4986E2A2951F600E51843 /* SettingsView.swift in Sources */ = {isa = PBXBuildFile; fileRef = 37C4986D2A2951F600E51843 /* SettingsView.swift */; };
		37C498722A297A4600E51843 /* CalendarView.swift in Sources */ = {isa = PBXBuildFile; fileRef = 37C498712A297A4600E51843 /* CalendarView.swift */; };
		37C498742A29831E00E51843 /* ProgressItem.swift in Sources */ = {isa = PBXBuildFile; fileRef = 37C498732A29831E00E51843 /* ProgressItem.swift */; };
		37C498762A29835D00E51843 /* Progress.swift in Sources */ = {isa = PBXBuildFile; fileRef = 37C498752A29835D00E51843 /* Progress.swift */; };
		37C498782A29A80900E51843 /* AboutView.swift in Sources */ = {isa = PBXBuildFile; fileRef = 37C498772A29A80900E51843 /* AboutView.swift */; };
		37C65E332A21A22C00314B40 /* GameItem.swift in Sources */ = {isa = PBXBuildFile; fileRef = 37C65E322A21A22C00314B40 /* GameItem.swift */; };
		37C65E352A21A3D300314B40 /* XGameView.swift in Sources */ = {isa = PBXBuildFile; fileRef = 37C65E342A21A3D300314B40 /* XGameView.swift */; };
		37C65E372A21ADE300314B40 /* animations.swift in Sources */ = {isa = PBXBuildFile; fileRef = 37C65E362A21ADE300314B40 /* animations.swift */; };
		37C65E392A22187600314B40 /* Model.swift in Sources */ = {isa = PBXBuildFile; fileRef = 37C65E382A22187600314B40 /* Model.swift */; };
		37C65E5D2A23930500314B40 /* CombineSchedulers in Frameworks */ = {isa = PBXBuildFile; productRef = 37C65E5C2A23930500314B40 /* CombineSchedulers */; };
		37C65E602A23933900314B40 /* CasePaths in Frameworks */ = {isa = PBXBuildFile; productRef = 37C65E5F2A23933900314B40 /* CasePaths */; };
		37C65E632A23936D00314B40 /* Collections in Frameworks */ = {isa = PBXBuildFile; productRef = 37C65E622A23936D00314B40 /* Collections */; };
		37C65E652A23936D00314B40 /* DequeModule in Frameworks */ = {isa = PBXBuildFile; productRef = 37C65E642A23936D00314B40 /* DequeModule */; };
		37C65E672A23936D00314B40 /* OrderedCollections in Frameworks */ = {isa = PBXBuildFile; productRef = 37C65E662A23936D00314B40 /* OrderedCollections */; };
		37C65E6A2A2393A500314B40 /* ComposableArchitecture in Frameworks */ = {isa = PBXBuildFile; productRef = 37C65E692A2393A500314B40 /* ComposableArchitecture */; };
		37C65E6D2A2393D100314B40 /* CustomDump in Frameworks */ = {isa = PBXBuildFile; productRef = 37C65E6C2A2393D100314B40 /* CustomDump */; };
		37C65E702A2393F500314B40 /* IdentifiedCollections in Frameworks */ = {isa = PBXBuildFile; productRef = 37C65E6F2A2393F500314B40 /* IdentifiedCollections */; };
		37C65E732A23941400314B40 /* XCTestDynamicOverlay in Frameworks */ = {isa = PBXBuildFile; productRef = 37C65E722A23941400314B40 /* XCTestDynamicOverlay */; };
		37D71C5D2A24DDD8000DAD75 /* GameView2048.swift in Sources */ = {isa = PBXBuildFile; fileRef = 37D71C5B2A24DDD7000DAD75 /* GameView2048.swift */; };
		37D71C5F2A251C33000DAD75 /* GameLogic.swift in Sources */ = {isa = PBXBuildFile; fileRef = 37D71C5E2A251C33000DAD75 /* GameLogic.swift */; };
		37D71C612A251C4E000DAD75 /* BlockGridView.swift in Sources */ = {isa = PBXBuildFile; fileRef = 37D71C602A251C4D000DAD75 /* BlockGridView.swift */; };
		37D71C632A251C8B000DAD75 /* BlockView.swift in Sources */ = {isa = PBXBuildFile; fileRef = 37D71C622A251C8B000DAD75 /* BlockView.swift */; };
		37D71C672A251C9B000DAD75 /* IdentifiedBlock.swift in Sources */ = {isa = PBXBuildFile; fileRef = 37D71C642A251C9A000DAD75 /* IdentifiedBlock.swift */; };
		37D71C682A251C9B000DAD75 /* BlockMatrix.swift in Sources */ = {isa = PBXBuildFile; fileRef = 37D71C652A251C9A000DAD75 /* BlockMatrix.swift */; };
		37D71C6C2A251CA8000DAD75 /* FunctionalUtils.swift in Sources */ = {isa = PBXBuildFile; fileRef = 37D71C6A2A251CA7000DAD75 /* FunctionalUtils.swift */; };
		37D71C6D2A251CA8000DAD75 /* SwiftUIExtensions.swift in Sources */ = {isa = PBXBuildFile; fileRef = 37D71C6B2A251CA7000DAD75 /* SwiftUIExtensions.swift */; };
/* End PBXBuildFile section */

/* Begin PBXFileReference section */
		3711BC5D2A28E9FB007A86CB /* platiciti-redesign-Info.plist */ = {isa = PBXFileReference; lastKnownFileType = text.plist; path = "platiciti-redesign-Info.plist"; sourceTree = SOURCE_ROOT; };
		371FDBC02A1B0B5F0050C353 /* LaunchScreenStep.swift */ = {isa = PBXFileReference; lastKnownFileType = sourcecode.swift; path = LaunchScreenStep.swift; sourceTree = "<group>"; };
		371FDBC22A1B0BA70050C353 /* LaunchScreenStateManager.swift */ = {isa = PBXFileReference; lastKnownFileType = sourcecode.swift; path = LaunchScreenStateManager.swift; sourceTree = "<group>"; };
		371FDBC42A1B0C1D0050C353 /* LaunchScreenView.swift */ = {isa = PBXFileReference; lastKnownFileType = sourcecode.swift; path = LaunchScreenView.swift; sourceTree = "<group>"; };
		371FDBC62A1B0CCA0050C353 /* ContentView.swift */ = {isa = PBXFileReference; lastKnownFileType = sourcecode.swift; path = ContentView.swift; sourceTree = "<group>"; };
		371FDBCA2A1C10850050C353 /* TabBar.swift */ = {isa = PBXFileReference; lastKnownFileType = sourcecode.swift; path = TabBar.swift; sourceTree = "<group>"; };
		371FDBCC2A1C19DA0050C353 /* Tab.swift */ = {isa = PBXFileReference; lastKnownFileType = sourcecode.swift; path = Tab.swift; sourceTree = "<group>"; };
		37244D282A26B1B2002CF419 /* Extension+View.swift */ = {isa = PBXFileReference; lastKnownFileType = sourcecode.swift; path = "Extension+View.swift"; sourceTree = "<group>"; };
		37244D2C2A27DFEC002CF419 /* GameKit.framework */ = {isa = PBXFileReference; lastKnownFileType = wrapper.framework; name = GameKit.framework; path = System/Library/Frameworks/GameKit.framework; sourceTree = SDKROOT; };
		37244D312A27E109002CF419 /* platiciti_redesign.entitlements */ = {isa = PBXFileReference; lastKnownFileType = text.plist.entitlements; path = platiciti_redesign.entitlements; sourceTree = "<group>"; };
		37244D322A27E176002CF419 /* GKMatchmakerViewController.swift */ = {isa = PBXFileReference; fileEncoding = 4; lastKnownFileType = sourcecode.swift; path = GKMatchmakerViewController.swift; sourceTree = "<group>"; };
		37244D342A27E183002CF419 /* GameCenterHelper.swift */ = {isa = PBXFileReference; fileEncoding = 4; lastKnownFileType = sourcecode.swift; path = GameCenterHelper.swift; sourceTree = "<group>"; };
		373A6FBA2A1D43F4006924AC /* Styles.swift */ = {isa = PBXFileReference; lastKnownFileType = sourcecode.swift; path = Styles.swift; sourceTree = "<group>"; };
		373A6FBE2A1D4835006924AC /* FeaturedItem.swift */ = {isa = PBXFileReference; lastKnownFileType = sourcecode.swift; path = FeaturedItem.swift; sourceTree = "<group>"; };
		373A6FC02A1D4A85006924AC /* NavigationBar.swift */ = {isa = PBXFileReference; lastKnownFileType = sourcecode.swift; path = NavigationBar.swift; sourceTree = "<group>"; };
		373A6FC22A1D593F006924AC /* PreferenceKeys.swift */ = {isa = PBXFileReference; lastKnownFileType = sourcecode.swift; path = PreferenceKeys.swift; sourceTree = "<group>"; };
		373A6FC42A1D6259006924AC /* AnimatableFontModifier.swift */ = {isa = PBXFileReference; lastKnownFileType = sourcecode.swift; path = AnimatableFontModifier.swift; sourceTree = "<group>"; };
		373A6FC62A1D89D7006924AC /* Game.swift */ = {isa = PBXFileReference; lastKnownFileType = sourcecode.swift; path = Game.swift; sourceTree = "<group>"; };
		374914D92A26239900E6EEEB /* TicTacToe.swift */ = {isa = PBXFileReference; fileEncoding = 4; lastKnownFileType = sourcecode.swift; path = TicTacToe.swift; sourceTree = "<group>"; };
		374914DB2A26239900E6EEEB /* Collection + Extensions.swift */ = {isa = PBXFileReference; fileEncoding = 4; lastKnownFileType = sourcecode.swift; path = "Collection + Extensions.swift"; sourceTree = "<group>"; };
		374914DD2A26239900E6EEEB /* TicTacToeApp.swift */ = {isa = PBXFileReference; fileEncoding = 4; lastKnownFileType = sourcecode.swift; path = TicTacToeApp.swift; sourceTree = "<group>"; };
		374914DF2A26239900E6EEEB /* GridButton.swift */ = {isa = PBXFileReference; fileEncoding = 4; lastKnownFileType = sourcecode.swift; path = GridButton.swift; sourceTree = "<group>"; };
		374914E02A26239900E6EEEB /* TicTacToeGrid.swift */ = {isa = PBXFileReference; fileEncoding = 4; lastKnownFileType = sourcecode.swift; path = TicTacToeGrid.swift; sourceTree = "<group>"; };
		374914E12A26239900E6EEEB /* PlayerView.swift */ = {isa = PBXFileReference; fileEncoding = 4; lastKnownFileType = sourcecode.swift; path = PlayerView.swift; sourceTree = "<group>"; };
		374914E22A26239900E6EEEB /* Controls.swift */ = {isa = PBXFileReference; fileEncoding = 4; lastKnownFileType = sourcecode.swift; path = Controls.swift; sourceTree = "<group>"; };
		374914E32A26239900E6EEEB /* GridLines.swift */ = {isa = PBXFileReference; fileEncoding = 4; lastKnownFileType = sourcecode.swift; path = GridLines.swift; sourceTree = "<group>"; };
		374914E42A26239900E6EEEB /* ContentViewTTT.swift */ = {isa = PBXFileReference; fileEncoding = 4; lastKnownFileType = sourcecode.swift; path = ContentViewTTT.swift; sourceTree = "<group>"; };
		374914E52A26239900E6EEEB /* Appearance.swift */ = {isa = PBXFileReference; fileEncoding = 4; lastKnownFileType = sourcecode.swift; path = Appearance.swift; sourceTree = "<group>"; };
		3749150A2A26438F00E6EEEB /* words-5.txt */ = {isa = PBXFileReference; fileEncoding = 4; lastKnownFileType = text; path = "words-5.txt"; sourceTree = "<group>"; };
		3749150B2A26438F00E6EEEB /* common-words-5.txt */ = {isa = PBXFileReference; fileEncoding = 4; lastKnownFileType = text; path = "common-words-5.txt"; sourceTree = "<group>"; };
		3749150D2A26439000E6EEEB /* ContentViewWordley.swift */ = {isa = PBXFileReference; fileEncoding = 4; lastKnownFileType = sourcecode.swift; path = ContentViewWordley.swift; sourceTree = "<group>"; };
		3749150F2A26439000E6EEEB /* CurrentGuessView.swift */ = {isa = PBXFileReference; fileEncoding = 4; lastKnownFileType = sourcecode.swift; path = CurrentGuessView.swift; sourceTree = "<group>"; };
		374915102A26439000E6EEEB /* ActionBarView.swift */ = {isa = PBXFileReference; fileEncoding = 4; lastKnownFileType = sourcecode.swift; path = ActionBarView.swift; sourceTree = "<group>"; };
		374915112A26439000E6EEEB /* EmptyBoxView.swift */ = {isa = PBXFileReference; fileEncoding = 4; lastKnownFileType = sourcecode.swift; path = EmptyBoxView.swift; sourceTree = "<group>"; };
		374915122A26439000E6EEEB /* GameResultView.swift */ = {isa = PBXFileReference; fileEncoding = 4; lastKnownFileType = sourcecode.swift; path = GameResultView.swift; sourceTree = "<group>"; };
		374915132A26439000E6EEEB /* GuessBoxView.swift */ = {isa = PBXFileReference; fileEncoding = 4; lastKnownFileType = sourcecode.swift; path = GuessBoxView.swift; sourceTree = "<group>"; };
		374915142A26439000E6EEEB /* GameBoardView.swift */ = {isa = PBXFileReference; fileEncoding = 4; lastKnownFileType = sourcecode.swift; path = GameBoardView.swift; sourceTree = "<group>"; };
		374915172A26439000E6EEEB /* GameStatistics.swift */ = {isa = PBXFileReference; fileEncoding = 4; lastKnownFileType = sourcecode.swift; path = GameStatistics.swift; sourceTree = "<group>"; };
		374915182A26439000E6EEEB /* Guess.swift */ = {isa = PBXFileReference; fileEncoding = 4; lastKnownFileType = sourcecode.swift; path = Guess.swift; sourceTree = "<group>"; };
		374915192A26439000E6EEEB /* Dictionary.swift */ = {isa = PBXFileReference; fileEncoding = 4; lastKnownFileType = sourcecode.swift; path = Dictionary.swift; sourceTree = "<group>"; };
		3749151A2A26439000E6EEEB /* GuessingGame.swift */ = {isa = PBXFileReference; fileEncoding = 4; lastKnownFileType = sourcecode.swift; path = GuessingGame.swift; sourceTree = "<group>"; };
		3749151B2A26439000E6EEEB /* GuessedLetter.swift */ = {isa = PBXFileReference; fileEncoding = 4; lastKnownFileType = sourcecode.swift; path = GuessedLetter.swift; sourceTree = "<group>"; };
		3749151E2A26439100E6EEEB /* KeyboardViewWordley.swift */ = {isa = PBXFileReference; fileEncoding = 4; lastKnownFileType = sourcecode.swift; path = KeyboardViewWordley.swift; sourceTree = "<group>"; };
		3749151F2A26439100E6EEEB /* KeyButtonView.swift */ = {isa = PBXFileReference; fileEncoding = 4; lastKnownFileType = sourcecode.swift; path = KeyButtonView.swift; sourceTree = "<group>"; };
		374915212A26439100E6EEEB /* Preview Assets.xcassets */ = {isa = PBXFileReference; lastKnownFileType = folder.assetcatalog; path = "Preview Assets.xcassets"; sourceTree = "<group>"; };
		374915242A26439200E6EEEB /* StatisticsView.swift */ = {isa = PBXFileReference; fileEncoding = 4; lastKnownFileType = sourcecode.swift; path = StatisticsView.swift; sourceTree = "<group>"; };
		374915252A26439200E6EEEB /* ShowResultView.swift */ = {isa = PBXFileReference; fileEncoding = 4; lastKnownFileType = sourcecode.swift; path = ShowResultView.swift; sourceTree = "<group>"; };
		374915262A26439200E6EEEB /* ResultsSummaryView.swift */ = {isa = PBXFileReference; fileEncoding = 4; lastKnownFileType = sourcecode.swift; path = ResultsSummaryView.swift; sourceTree = "<group>"; };
		374915272A26439200E6EEEB /* ActivitySheetView.swift */ = {isa = PBXFileReference; fileEncoding = 4; lastKnownFileType = sourcecode.swift; path = ActivitySheetView.swift; sourceTree = "<group>"; };
		3749D3C72A1AB9A5009FD1E7 /* platiciti_redesign.app */ = {isa = PBXFileReference; explicitFileType = wrapper.application; includeInIndex = 0; path = platiciti_redesign.app; sourceTree = BUILT_PRODUCTS_DIR; };
		3749D3CA2A1AB9A5009FD1E7 /* platiciti_redesignApp.swift */ = {isa = PBXFileReference; lastKnownFileType = sourcecode.swift; path = platiciti_redesignApp.swift; sourceTree = "<group>"; };
		3749D3CE2A1AB9AB009FD1E7 /* Assets.xcassets */ = {isa = PBXFileReference; lastKnownFileType = folder.assetcatalog; path = Assets.xcassets; sourceTree = "<group>"; };
		3749D3D12A1AB9AB009FD1E7 /* Preview Assets.xcassets */ = {isa = PBXFileReference; lastKnownFileType = folder.assetcatalog; path = "Preview Assets.xcassets"; sourceTree = "<group>"; };
		3749D3F12A1AE1C6009FD1E7 /* HomeView.swift */ = {isa = PBXFileReference; lastKnownFileType = sourcecode.swift; path = HomeView.swift; sourceTree = "<group>"; };
		3749D3F52A1AE240009FD1E7 /* iMessageView.swift */ = {isa = PBXFileReference; lastKnownFileType = sourcecode.swift; path = iMessageView.swift; sourceTree = "<group>"; };
		3749D3F92A1AE8A1009FD1E7 /* ShareView.swift */ = {isa = PBXFileReference; lastKnownFileType = sourcecode.swift; path = ShareView.swift; sourceTree = "<group>"; };
		37C4986D2A2951F600E51843 /* SettingsView.swift */ = {isa = PBXFileReference; lastKnownFileType = sourcecode.swift; path = SettingsView.swift; sourceTree = "<group>"; };
		37C498712A297A4600E51843 /* CalendarView.swift */ = {isa = PBXFileReference; fileEncoding = 4; lastKnownFileType = sourcecode.swift; path = CalendarView.swift; sourceTree = "<group>"; };
		37C498732A29831E00E51843 /* ProgressItem.swift */ = {isa = PBXFileReference; fileEncoding = 4; lastKnownFileType = sourcecode.swift; path = ProgressItem.swift; sourceTree = "<group>"; };
		37C498752A29835D00E51843 /* Progress.swift */ = {isa = PBXFileReference; fileEncoding = 4; lastKnownFileType = sourcecode.swift; path = Progress.swift; sourceTree = "<group>"; };
		37C498772A29A80900E51843 /* AboutView.swift */ = {isa = PBXFileReference; fileEncoding = 4; lastKnownFileType = sourcecode.swift; path = AboutView.swift; sourceTree = "<group>"; };
		37C65E322A21A22C00314B40 /* GameItem.swift */ = {isa = PBXFileReference; lastKnownFileType = sourcecode.swift; path = GameItem.swift; sourceTree = "<group>"; };
		37C65E342A21A3D300314B40 /* XGameView.swift */ = {isa = PBXFileReference; lastKnownFileType = sourcecode.swift; path = XGameView.swift; sourceTree = "<group>"; };
		37C65E362A21ADE300314B40 /* animations.swift */ = {isa = PBXFileReference; lastKnownFileType = sourcecode.swift; path = animations.swift; sourceTree = "<group>"; };
		37C65E382A22187600314B40 /* Model.swift */ = {isa = PBXFileReference; lastKnownFileType = sourcecode.swift; path = Model.swift; sourceTree = "<group>"; };
		37D71C5B2A24DDD7000DAD75 /* GameView2048.swift */ = {isa = PBXFileReference; fileEncoding = 4; lastKnownFileType = sourcecode.swift; path = GameView2048.swift; sourceTree = "<group>"; };
		37D71C5E2A251C33000DAD75 /* GameLogic.swift */ = {isa = PBXFileReference; fileEncoding = 4; lastKnownFileType = sourcecode.swift; path = GameLogic.swift; sourceTree = "<group>"; };
		37D71C602A251C4D000DAD75 /* BlockGridView.swift */ = {isa = PBXFileReference; fileEncoding = 4; lastKnownFileType = sourcecode.swift; path = BlockGridView.swift; sourceTree = "<group>"; };
		37D71C622A251C8B000DAD75 /* BlockView.swift */ = {isa = PBXFileReference; fileEncoding = 4; lastKnownFileType = sourcecode.swift; path = BlockView.swift; sourceTree = "<group>"; };
		37D71C642A251C9A000DAD75 /* IdentifiedBlock.swift */ = {isa = PBXFileReference; fileEncoding = 4; lastKnownFileType = sourcecode.swift; path = IdentifiedBlock.swift; sourceTree = "<group>"; };
		37D71C652A251C9A000DAD75 /* BlockMatrix.swift */ = {isa = PBXFileReference; fileEncoding = 4; lastKnownFileType = sourcecode.swift; path = BlockMatrix.swift; sourceTree = "<group>"; };
		37D71C6A2A251CA7000DAD75 /* FunctionalUtils.swift */ = {isa = PBXFileReference; fileEncoding = 4; lastKnownFileType = sourcecode.swift; path = FunctionalUtils.swift; sourceTree = "<group>"; };
		37D71C6B2A251CA7000DAD75 /* SwiftUIExtensions.swift */ = {isa = PBXFileReference; fileEncoding = 4; lastKnownFileType = sourcecode.swift; path = SwiftUIExtensions.swift; sourceTree = "<group>"; };
/* End PBXFileReference section */

/* Begin PBXFrameworksBuildPhase section */
		3749D3C42A1AB9A5009FD1E7 /* Frameworks */ = {
			isa = PBXFrameworksBuildPhase;
			buildActionMask = 2147483647;
			files = (
				37C65E672A23936D00314B40 /* OrderedCollections in Frameworks */,
				37C65E702A2393F500314B40 /* IdentifiedCollections in Frameworks */,
				3711BC5C2A284490007A86CB /* GameCenterKit in Frameworks */,
				37C65E632A23936D00314B40 /* Collections in Frameworks */,
				37C65E6A2A2393A500314B40 /* ComposableArchitecture in Frameworks */,
				37C65E6D2A2393D100314B40 /* CustomDump in Frameworks */,
				37C65E652A23936D00314B40 /* DequeModule in Frameworks */,
				37C65E5D2A23930500314B40 /* CombineSchedulers in Frameworks */,
				37C65E732A23941400314B40 /* XCTestDynamicOverlay in Frameworks */,
				37C65E602A23933900314B40 /* CasePaths in Frameworks */,
				37244D2E2A27DFF3002CF419 /* GameKit.framework in Frameworks */,
			);
			runOnlyForDeploymentPostprocessing = 0;
		};
/* End PBXFrameworksBuildPhase section */

/* Begin PBXGroup section */
		37244D272A26B186002CF419 /* Helpers */ = {
			isa = PBXGroup;
			children = (
				37244D342A27E183002CF419 /* GameCenterHelper.swift */,
				37244D322A27E176002CF419 /* GKMatchmakerViewController.swift */,
				37244D282A26B1B2002CF419 /* Extension+View.swift */,
			);
			path = Helpers;
			sourceTree = "<group>";
		};
		37244D2B2A27DFEB002CF419 /* Frameworks */ = {
			isa = PBXGroup;
			children = (
				37244D2C2A27DFEC002CF419 /* GameKit.framework */,
			);
			name = Frameworks;
			sourceTree = "<group>";
		};
		373A6FB62A1D413D006924AC /* Navigation */ = {
			isa = PBXGroup;
			children = (
				371FDBC62A1B0CCA0050C353 /* ContentView.swift */,
				371FDBCA2A1C10850050C353 /* TabBar.swift */,
				373A6FC02A1D4A85006924AC /* NavigationBar.swift */,
			);
			path = Navigation;
			sourceTree = "<group>";
		};
		373A6FB72A1D4166006924AC /* Views */ = {
			isa = PBXGroup;
			children = (
				37C4986D2A2951F600E51843 /* SettingsView.swift */,
				37C498712A297A4600E51843 /* CalendarView.swift */,
				37C498772A29A80900E51843 /* AboutView.swift */,
				3749D3F12A1AE1C6009FD1E7 /* HomeView.swift */,
				3749D3F52A1AE240009FD1E7 /* iMessageView.swift */,
				3749D3F92A1AE8A1009FD1E7 /* ShareView.swift */,
				37C65E342A21A3D300314B40 /* XGameView.swift */,
			);
			path = Views;
			sourceTree = "<group>";
		};
		373A6FB82A1D4203006924AC /* Model */ = {
			isa = PBXGroup;
			children = (
				371FDBCC2A1C19DA0050C353 /* Tab.swift */,
				373A6FC22A1D593F006924AC /* PreferenceKeys.swift */,
				373A6FC62A1D89D7006924AC /* Game.swift */,
				37C498752A29835D00E51843 /* Progress.swift */,
				37C65E382A22187600314B40 /* Model.swift */,
			);
			path = Model;
			sourceTree = "<group>";
		};
		373A6FB92A1D421B006924AC /* LaunchScreen */ = {
			isa = PBXGroup;
			children = (
				371FDBC22A1B0BA70050C353 /* LaunchScreenStateManager.swift */,
				371FDBC42A1B0C1D0050C353 /* LaunchScreenView.swift */,
				371FDBC02A1B0B5F0050C353 /* LaunchScreenStep.swift */,
			);
			path = LaunchScreen;
			sourceTree = "<group>";
		};
		373A6FBC2A1D45D4006924AC /* Styles */ = {
			isa = PBXGroup;
			children = (
				373A6FBA2A1D43F4006924AC /* Styles.swift */,
				373A6FC42A1D6259006924AC /* AnimatableFontModifier.swift */,
				37C65E362A21ADE300314B40 /* animations.swift */,
			);
			path = Styles;
			sourceTree = "<group>";
		};
		373A6FBD2A1D480D006924AC /* Components */ = {
			isa = PBXGroup;
			children = (
				373A6FBE2A1D4835006924AC /* FeaturedItem.swift */,
				37C65E322A21A22C00314B40 /* GameItem.swift */,
				37C498732A29831E00E51843 /* ProgressItem.swift */,
			);
			path = Components;
			sourceTree = "<group>";
		};
		374914CB2A26236D00E6EEEB /* GameTTT */ = {
			isa = PBXGroup;
			children = (
				374914D82A26239900E6EEEB /* Shared */,
			);
			path = GameTTT;
			sourceTree = "<group>";
		};
		374914D82A26239900E6EEEB /* Shared */ = {
			isa = PBXGroup;
			children = (
				374914D92A26239900E6EEEB /* TicTacToe.swift */,
				374914DB2A26239900E6EEEB /* Collection + Extensions.swift */,
				374914DC2A26239900E6EEEB /* Model */,
				374914DD2A26239900E6EEEB /* TicTacToeApp.swift */,
				374914DE2A26239900E6EEEB /* Views */,
				374914E52A26239900E6EEEB /* Appearance.swift */,
			);
			path = Shared;
			sourceTree = "<group>";
		};
		374914DC2A26239900E6EEEB /* Model */ = {
			isa = PBXGroup;
			children = (
			);
			path = Model;
			sourceTree = "<group>";
		};
		374914DE2A26239900E6EEEB /* Views */ = {
			isa = PBXGroup;
			children = (
				374914DF2A26239900E6EEEB /* GridButton.swift */,
				374914E02A26239900E6EEEB /* TicTacToeGrid.swift */,
				374914E12A26239900E6EEEB /* PlayerView.swift */,
				374914E22A26239900E6EEEB /* Controls.swift */,
				374914E32A26239900E6EEEB /* GridLines.swift */,
				374914E42A26239900E6EEEB /* ContentViewTTT.swift */,
			);
			path = Views;
			sourceTree = "<group>";
		};
		374915082A26436D00E6EEEB /* GameWordle */ = {
			isa = PBXGroup;
			children = (
				3749150D2A26439000E6EEEB /* ContentViewWordley.swift */,
				3749150E2A26439000E6EEEB /* GameBoardViews */,
				3749151D2A26439100E6EEEB /* KeyboardViews */,
				374915162A26439000E6EEEB /* Models */,
				374915202A26439100E6EEEB /* Preview Content */,
				374915092A26438F00E6EEEB /* Resources */,
				374915232A26439200E6EEEB /* ResultsViews */,
			);
			path = GameWordle;
			sourceTree = "<group>";
		};
		374915092A26438F00E6EEEB /* Resources */ = {
			isa = PBXGroup;
			children = (
				3749150A2A26438F00E6EEEB /* words-5.txt */,
				3749150B2A26438F00E6EEEB /* common-words-5.txt */,
			);
			path = Resources;
			sourceTree = "<group>";
		};
		3749150E2A26439000E6EEEB /* GameBoardViews */ = {
			isa = PBXGroup;
			children = (
				3749150F2A26439000E6EEEB /* CurrentGuessView.swift */,
				374915102A26439000E6EEEB /* ActionBarView.swift */,
				374915112A26439000E6EEEB /* EmptyBoxView.swift */,
				374915122A26439000E6EEEB /* GameResultView.swift */,
				374915132A26439000E6EEEB /* GuessBoxView.swift */,
				374915142A26439000E6EEEB /* GameBoardView.swift */,
			);
			path = GameBoardViews;
			sourceTree = "<group>";
		};
		374915162A26439000E6EEEB /* Models */ = {
			isa = PBXGroup;
			children = (
				374915172A26439000E6EEEB /* GameStatistics.swift */,
				374915182A26439000E6EEEB /* Guess.swift */,
				374915192A26439000E6EEEB /* Dictionary.swift */,
				3749151A2A26439000E6EEEB /* GuessingGame.swift */,
				3749151B2A26439000E6EEEB /* GuessedLetter.swift */,
			);
			path = Models;
			sourceTree = "<group>";
		};
		3749151D2A26439100E6EEEB /* KeyboardViews */ = {
			isa = PBXGroup;
			children = (
				3749151E2A26439100E6EEEB /* KeyboardViewWordley.swift */,
				3749151F2A26439100E6EEEB /* KeyButtonView.swift */,
			);
			path = KeyboardViews;
			sourceTree = "<group>";
		};
		374915202A26439100E6EEEB /* Preview Content */ = {
			isa = PBXGroup;
			children = (
				374915212A26439100E6EEEB /* Preview Assets.xcassets */,
			);
			path = "Preview Content";
			sourceTree = "<group>";
		};
		374915232A26439200E6EEEB /* ResultsViews */ = {
			isa = PBXGroup;
			children = (
				374915242A26439200E6EEEB /* StatisticsView.swift */,
				374915252A26439200E6EEEB /* ShowResultView.swift */,
				374915262A26439200E6EEEB /* ResultsSummaryView.swift */,
				374915272A26439200E6EEEB /* ActivitySheetView.swift */,
			);
			path = ResultsViews;
			sourceTree = "<group>";
		};
		3749D3BE2A1AB9A5009FD1E7 = {
			isa = PBXGroup;
			children = (
				3749D3C92A1AB9A5009FD1E7 /* platiciti_redesign */,
				3749D3C82A1AB9A5009FD1E7 /* Products */,
				37244D2B2A27DFEB002CF419 /* Frameworks */,
			);
			sourceTree = "<group>";
		};
		3749D3C82A1AB9A5009FD1E7 /* Products */ = {
			isa = PBXGroup;
			children = (
				3749D3C72A1AB9A5009FD1E7 /* platiciti_redesign.app */,
			);
			name = Products;
			sourceTree = "<group>";
		};
		3749D3C92A1AB9A5009FD1E7 /* platiciti_redesign */ = {
			isa = PBXGroup;
			children = (
				3749D3CA2A1AB9A5009FD1E7 /* platiciti_redesignApp.swift */,
				3711BC5D2A28E9FB007A86CB /* platiciti-redesign-Info.plist */,
				37244D312A27E109002CF419 /* platiciti_redesign.entitlements */,
				3749D3CE2A1AB9AB009FD1E7 /* Assets.xcassets */,
				37244D272A26B186002CF419 /* Helpers */,
				374915082A26436D00E6EEEB /* GameWordle */,
				374914CB2A26236D00E6EEEB /* GameTTT */,
				37D71C572A24DD21000DAD75 /* Game2048 */,
				3749D3D02A1AB9AB009FD1E7 /* Preview Content */,
				373A6FB62A1D413D006924AC /* Navigation */,
				373A6FB72A1D4166006924AC /* Views */,
				373A6FBD2A1D480D006924AC /* Components */,
				373A6FB82A1D4203006924AC /* Model */,
				373A6FBC2A1D45D4006924AC /* Styles */,
				373A6FB92A1D421B006924AC /* LaunchScreen */,
			);
			path = platiciti_redesign;
			sourceTree = "<group>";
		};
		3749D3D02A1AB9AB009FD1E7 /* Preview Content */ = {
			isa = PBXGroup;
			children = (
				3749D3D12A1AB9AB009FD1E7 /* Preview Assets.xcassets */,
			);
			path = "Preview Content";
			sourceTree = "<group>";
		};
		37D71C572A24DD21000DAD75 /* Game2048 */ = {
			isa = PBXGroup;
			children = (
				37D71C5B2A24DDD7000DAD75 /* GameView2048.swift */,
				37D71C6A2A251CA7000DAD75 /* FunctionalUtils.swift */,
				37D71C6B2A251CA7000DAD75 /* SwiftUIExtensions.swift */,
				37D71C652A251C9A000DAD75 /* BlockMatrix.swift */,
				37D71C642A251C9A000DAD75 /* IdentifiedBlock.swift */,
				37D71C5E2A251C33000DAD75 /* GameLogic.swift */,
				37D71C602A251C4D000DAD75 /* BlockGridView.swift */,
				37D71C622A251C8B000DAD75 /* BlockView.swift */,
			);
			path = Game2048;
			sourceTree = "<group>";
		};
/* End PBXGroup section */

/* Begin PBXNativeTarget section */
		3749D3C62A1AB9A5009FD1E7 /* platiciti_redesign */ = {
			isa = PBXNativeTarget;
			buildConfigurationList = 3749D3D52A1AB9AB009FD1E7 /* Build configuration list for PBXNativeTarget "platiciti_redesign" */;
			buildPhases = (
				3749D3C32A1AB9A5009FD1E7 /* Sources */,
				3749D3C42A1AB9A5009FD1E7 /* Frameworks */,
				3749D3C52A1AB9A5009FD1E7 /* Resources */,
			);
			buildRules = (
			);
			dependencies = (
			);
			name = platiciti_redesign;
			packageProductDependencies = (
				37C65E5C2A23930500314B40 /* CombineSchedulers */,
				37C65E5F2A23933900314B40 /* CasePaths */,
				37C65E622A23936D00314B40 /* Collections */,
				37C65E642A23936D00314B40 /* DequeModule */,
				37C65E662A23936D00314B40 /* OrderedCollections */,
				37C65E692A2393A500314B40 /* ComposableArchitecture */,
				37C65E6C2A2393D100314B40 /* CustomDump */,
				37C65E6F2A2393F500314B40 /* IdentifiedCollections */,
				37C65E722A23941400314B40 /* XCTestDynamicOverlay */,
				3711BC5B2A284490007A86CB /* GameCenterKit */,
			);
			productName = platiciti_redesign;
			productReference = 3749D3C72A1AB9A5009FD1E7 /* platiciti_redesign.app */;
			productType = "com.apple.product-type.application";
		};
/* End PBXNativeTarget section */

/* Begin PBXProject section */
		3749D3BF2A1AB9A5009FD1E7 /* Project object */ = {
			isa = PBXProject;
			attributes = {
				BuildIndependentTargetsInParallel = 1;
				LastSwiftUpdateCheck = 1410;
				LastUpgradeCheck = 1410;
				TargetAttributes = {
					3749D3C62A1AB9A5009FD1E7 = {
						CreatedOnToolsVersion = 14.1;
					};
				};
			};
			buildConfigurationList = 3749D3C22A1AB9A5009FD1E7 /* Build configuration list for PBXProject "platiciti_redesign" */;
			compatibilityVersion = "Xcode 14.0";
			developmentRegion = en;
			hasScannedForEncodings = 0;
			knownRegions = (
				en,
				Base,
			);
			mainGroup = 3749D3BE2A1AB9A5009FD1E7;
			packageReferences = (
				37C65E5B2A23930500314B40 /* XCRemoteSwiftPackageReference "combine-schedulers" */,
				37C65E5E2A23933900314B40 /* XCRemoteSwiftPackageReference "swift-case-paths" */,
				37C65E612A23936D00314B40 /* XCRemoteSwiftPackageReference "swift-collections" */,
				37C65E682A2393A500314B40 /* XCRemoteSwiftPackageReference "swift-composable-architecture" */,
				37C65E6B2A2393D100314B40 /* XCRemoteSwiftPackageReference "swift-custom-dump" */,
				37C65E6E2A2393F500314B40 /* XCRemoteSwiftPackageReference "swift-identified-collections" */,
				37C65E712A23941400314B40 /* XCRemoteSwiftPackageReference "xctest-dynamic-overlay" */,
				3711BC5A2A284490007A86CB /* XCRemoteSwiftPackageReference "GameCenterKit" */,
			);
			productRefGroup = 3749D3C82A1AB9A5009FD1E7 /* Products */;
			projectDirPath = "";
			projectRoot = "";
			targets = (
				3749D3C62A1AB9A5009FD1E7 /* platiciti_redesign */,
			);
		};
/* End PBXProject section */

/* Begin PBXResourcesBuildPhase section */
		3749D3C52A1AB9A5009FD1E7 /* Resources */ = {
			isa = PBXResourcesBuildPhase;
			buildActionMask = 2147483647;
			files = (
				374915292A26439200E6EEEB /* common-words-5.txt in Resources */,
				374915282A26439200E6EEEB /* words-5.txt in Resources */,
				3749153B2A26439200E6EEEB /* Preview Assets.xcassets in Resources */,
				3749D3D22A1AB9AB009FD1E7 /* Preview Assets.xcassets in Resources */,
				3749D3CF2A1AB9AB009FD1E7 /* Assets.xcassets in Resources */,
			);
			runOnlyForDeploymentPostprocessing = 0;
		};
/* End PBXResourcesBuildPhase section */

/* Begin PBXSourcesBuildPhase section */
		3749D3C32A1AB9A5009FD1E7 /* Sources */ = {
			isa = PBXSourcesBuildPhase;
			buildActionMask = 2147483647;
			files = (
				37C498782A29A80900E51843 /* AboutView.swift in Sources */,
				37D71C632A251C8B000DAD75 /* BlockView.swift in Sources */,
				374914FE2A26239B00E6EEEB /* Controls.swift in Sources */,
				373A6FC72A1D89D7006924AC /* Game.swift in Sources */,
				37244D332A27E176002CF419 /* GKMatchmakerViewController.swift in Sources */,
				37D71C672A251C9B000DAD75 /* IdentifiedBlock.swift in Sources */,
				371FDBC12A1B0B5F0050C353 /* LaunchScreenStep.swift in Sources */,
				37C65E332A21A22C00314B40 /* GameItem.swift in Sources */,
				374915372A26439200E6EEEB /* GuessedLetter.swift in Sources */,
				371FDBC72A1B0CCA0050C353 /* ContentView.swift in Sources */,
				374914FB2A26239B00E6EEEB /* GridButton.swift in Sources */,
				3749152B2A26439200E6EEEB /* ContentViewWordley.swift in Sources */,
				3749153E2A26439200E6EEEB /* ShowResultView.swift in Sources */,
				37C498722A297A4600E51843 /* CalendarView.swift in Sources */,
				37C498742A29831E00E51843 /* ProgressItem.swift in Sources */,
				374915002A26239B00E6EEEB /* ContentViewTTT.swift in Sources */,
				373A6FBB2A1D43F4006924AC /* Styles.swift in Sources */,
				3749152C2A26439200E6EEEB /* CurrentGuessView.swift in Sources */,
				3749D3FA2A1AE8A1009FD1E7 /* ShareView.swift in Sources */,
				373A6FBF2A1D4835006924AC /* FeaturedItem.swift in Sources */,
				373A6FC12A1D4A85006924AC /* NavigationBar.swift in Sources */,
				3749152E2A26439200E6EEEB /* EmptyBoxView.swift in Sources */,
				3749152D2A26439200E6EEEB /* ActionBarView.swift in Sources */,
				37C4986E2A2951F600E51843 /* SettingsView.swift in Sources */,
				3749D3F22A1AE1C6009FD1E7 /* HomeView.swift in Sources */,
				373A6FC52A1D6259006924AC /* AnimatableFontModifier.swift in Sources */,
				374914FC2A26239B00E6EEEB /* TicTacToeGrid.swift in Sources */,
				37244D292A26B1B2002CF419 /* Extension+View.swift in Sources */,
				37D71C6C2A251CA8000DAD75 /* FunctionalUtils.swift in Sources */,
				374914FA2A26239B00E6EEEB /* TicTacToeApp.swift in Sources */,
				371FDBC52A1B0C1D0050C353 /* LaunchScreenView.swift in Sources */,
				371FDBC32A1B0BA70050C353 /* LaunchScreenStateManager.swift in Sources */,
				3749153A2A26439200E6EEEB /* KeyButtonView.swift in Sources */,
				3749153F2A26439200E6EEEB /* ResultsSummaryView.swift in Sources */,
				37C65E352A21A3D300314B40 /* XGameView.swift in Sources */,
				374914F72A26239B00E6EEEB /* TicTacToe.swift in Sources */,
				37D71C5F2A251C33000DAD75 /* GameLogic.swift in Sources */,
				37C498762A29835D00E51843 /* Progress.swift in Sources */,
				37C65E392A22187600314B40 /* Model.swift in Sources */,
				374914F92A26239B00E6EEEB /* Collection + Extensions.swift in Sources */,
				374915362A26439200E6EEEB /* GuessingGame.swift in Sources */,
				37C65E372A21ADE300314B40 /* animations.swift in Sources */,
				374915332A26439200E6EEEB /* GameStatistics.swift in Sources */,
				374915312A26439200E6EEEB /* GameBoardView.swift in Sources */,
				373A6FC32A1D593F006924AC /* PreferenceKeys.swift in Sources */,
				371FDBCB2A1C10850050C353 /* TabBar.swift in Sources */,
				37D71C6D2A251CA8000DAD75 /* SwiftUIExtensions.swift in Sources */,
				374915392A26439200E6EEEB /* KeyboardViewWordley.swift in Sources */,
				3749D3CB2A1AB9A5009FD1E7 /* platiciti_redesignApp.swift in Sources */,
				3749D3F62A1AE240009FD1E7 /* iMessageView.swift in Sources */,
				374915342A26439200E6EEEB /* Guess.swift in Sources */,
				37244D352A27E183002CF419 /* GameCenterHelper.swift in Sources */,
				3749152F2A26439200E6EEEB /* GameResultView.swift in Sources */,
				37D71C612A251C4E000DAD75 /* BlockGridView.swift in Sources */,
				374915302A26439200E6EEEB /* GuessBoxView.swift in Sources */,
				3749153D2A26439200E6EEEB /* StatisticsView.swift in Sources */,
				374915352A26439200E6EEEB /* Dictionary.swift in Sources */,
				37D71C682A251C9B000DAD75 /* BlockMatrix.swift in Sources */,
				374914FD2A26239B00E6EEEB /* PlayerView.swift in Sources */,
				374914FF2A26239B00E6EEEB /* GridLines.swift in Sources */,
				374915402A26439200E6EEEB /* ActivitySheetView.swift in Sources */,
				374915012A26239B00E6EEEB /* Appearance.swift in Sources */,
				371FDBCD2A1C19DA0050C353 /* Tab.swift in Sources */,
				37D71C5D2A24DDD8000DAD75 /* GameView2048.swift in Sources */,
			);
			runOnlyForDeploymentPostprocessing = 0;
		};
/* End PBXSourcesBuildPhase section */

/* Begin XCBuildConfiguration section */
		3749D3D32A1AB9AB009FD1E7 /* Debug */ = {
			isa = XCBuildConfiguration;
			buildSettings = {
				ALWAYS_SEARCH_USER_PATHS = NO;
				CLANG_ANALYZER_NONNULL = YES;
				CLANG_ANALYZER_NUMBER_OBJECT_CONVERSION = YES_AGGRESSIVE;
				CLANG_CXX_LANGUAGE_STANDARD = "gnu++20";
				CLANG_ENABLE_MODULES = YES;
				CLANG_ENABLE_OBJC_ARC = YES;
				CLANG_ENABLE_OBJC_WEAK = YES;
				CLANG_WARN_BLOCK_CAPTURE_AUTORELEASING = YES;
				CLANG_WARN_BOOL_CONVERSION = YES;
				CLANG_WARN_COMMA = YES;
				CLANG_WARN_CONSTANT_CONVERSION = YES;
				CLANG_WARN_DEPRECATED_OBJC_IMPLEMENTATIONS = YES;
				CLANG_WARN_DIRECT_OBJC_ISA_USAGE = YES_ERROR;
				CLANG_WARN_DOCUMENTATION_COMMENTS = YES;
				CLANG_WARN_EMPTY_BODY = YES;
				CLANG_WARN_ENUM_CONVERSION = YES;
				CLANG_WARN_INFINITE_RECURSION = YES;
				CLANG_WARN_INT_CONVERSION = YES;
				CLANG_WARN_NON_LITERAL_NULL_CONVERSION = YES;
				CLANG_WARN_OBJC_IMPLICIT_RETAIN_SELF = YES;
				CLANG_WARN_OBJC_LITERAL_CONVERSION = YES;
				CLANG_WARN_OBJC_ROOT_CLASS = YES_ERROR;
				CLANG_WARN_QUOTED_INCLUDE_IN_FRAMEWORK_HEADER = YES;
				CLANG_WARN_RANGE_LOOP_ANALYSIS = YES;
				CLANG_WARN_STRICT_PROTOTYPES = YES;
				CLANG_WARN_SUSPICIOUS_MOVE = YES;
				CLANG_WARN_UNGUARDED_AVAILABILITY = YES_AGGRESSIVE;
				CLANG_WARN_UNREACHABLE_CODE = YES;
				CLANG_WARN__DUPLICATE_METHOD_MATCH = YES;
				COPY_PHASE_STRIP = NO;
				DEBUG_INFORMATION_FORMAT = dwarf;
				ENABLE_STRICT_OBJC_MSGSEND = YES;
				ENABLE_TESTABILITY = YES;
				GCC_C_LANGUAGE_STANDARD = gnu11;
				GCC_DYNAMIC_NO_PIC = NO;
				GCC_NO_COMMON_BLOCKS = YES;
				GCC_OPTIMIZATION_LEVEL = 0;
				GCC_PREPROCESSOR_DEFINITIONS = (
					"DEBUG=1",
					"$(inherited)",
				);
				GCC_WARN_64_TO_32_BIT_CONVERSION = YES;
				GCC_WARN_ABOUT_RETURN_TYPE = YES_ERROR;
				GCC_WARN_UNDECLARED_SELECTOR = YES;
				GCC_WARN_UNINITIALIZED_AUTOS = YES_AGGRESSIVE;
				GCC_WARN_UNUSED_FUNCTION = YES;
				GCC_WARN_UNUSED_VARIABLE = YES;
				IPHONEOS_DEPLOYMENT_TARGET = 16.1;
				MTL_ENABLE_DEBUG_INFO = INCLUDE_SOURCE;
				MTL_FAST_MATH = YES;
				ONLY_ACTIVE_ARCH = YES;
				SDKROOT = iphoneos;
				SWIFT_ACTIVE_COMPILATION_CONDITIONS = DEBUG;
				SWIFT_OPTIMIZATION_LEVEL = "-Onone";
			};
			name = Debug;
		};
		3749D3D42A1AB9AB009FD1E7 /* Release */ = {
			isa = XCBuildConfiguration;
			buildSettings = {
				ALWAYS_SEARCH_USER_PATHS = NO;
				CLANG_ANALYZER_NONNULL = YES;
				CLANG_ANALYZER_NUMBER_OBJECT_CONVERSION = YES_AGGRESSIVE;
				CLANG_CXX_LANGUAGE_STANDARD = "gnu++20";
				CLANG_ENABLE_MODULES = YES;
				CLANG_ENABLE_OBJC_ARC = YES;
				CLANG_ENABLE_OBJC_WEAK = YES;
				CLANG_WARN_BLOCK_CAPTURE_AUTORELEASING = YES;
				CLANG_WARN_BOOL_CONVERSION = YES;
				CLANG_WARN_COMMA = YES;
				CLANG_WARN_CONSTANT_CONVERSION = YES;
				CLANG_WARN_DEPRECATED_OBJC_IMPLEMENTATIONS = YES;
				CLANG_WARN_DIRECT_OBJC_ISA_USAGE = YES_ERROR;
				CLANG_WARN_DOCUMENTATION_COMMENTS = YES;
				CLANG_WARN_EMPTY_BODY = YES;
				CLANG_WARN_ENUM_CONVERSION = YES;
				CLANG_WARN_INFINITE_RECURSION = YES;
				CLANG_WARN_INT_CONVERSION = YES;
				CLANG_WARN_NON_LITERAL_NULL_CONVERSION = YES;
				CLANG_WARN_OBJC_IMPLICIT_RETAIN_SELF = YES;
				CLANG_WARN_OBJC_LITERAL_CONVERSION = YES;
				CLANG_WARN_OBJC_ROOT_CLASS = YES_ERROR;
				CLANG_WARN_QUOTED_INCLUDE_IN_FRAMEWORK_HEADER = YES;
				CLANG_WARN_RANGE_LOOP_ANALYSIS = YES;
				CLANG_WARN_STRICT_PROTOTYPES = YES;
				CLANG_WARN_SUSPICIOUS_MOVE = YES;
				CLANG_WARN_UNGUARDED_AVAILABILITY = YES_AGGRESSIVE;
				CLANG_WARN_UNREACHABLE_CODE = YES;
				CLANG_WARN__DUPLICATE_METHOD_MATCH = YES;
				COPY_PHASE_STRIP = NO;
				DEBUG_INFORMATION_FORMAT = "dwarf-with-dsym";
				ENABLE_NS_ASSERTIONS = NO;
				ENABLE_STRICT_OBJC_MSGSEND = YES;
				GCC_C_LANGUAGE_STANDARD = gnu11;
				GCC_NO_COMMON_BLOCKS = YES;
				GCC_WARN_64_TO_32_BIT_CONVERSION = YES;
				GCC_WARN_ABOUT_RETURN_TYPE = YES_ERROR;
				GCC_WARN_UNDECLARED_SELECTOR = YES;
				GCC_WARN_UNINITIALIZED_AUTOS = YES_AGGRESSIVE;
				GCC_WARN_UNUSED_FUNCTION = YES;
				GCC_WARN_UNUSED_VARIABLE = YES;
				IPHONEOS_DEPLOYMENT_TARGET = 16.1;
				MTL_ENABLE_DEBUG_INFO = NO;
				MTL_FAST_MATH = YES;
				SDKROOT = iphoneos;
				SWIFT_COMPILATION_MODE = wholemodule;
				SWIFT_OPTIMIZATION_LEVEL = "-O";
				VALIDATE_PRODUCT = YES;
			};
			name = Release;
		};
		3749D3D62A1AB9AB009FD1E7 /* Debug */ = {
			isa = XCBuildConfiguration;
			buildSettings = {
				ASSETCATALOG_COMPILER_APPICON_NAME = AppIcon;
				ASSETCATALOG_COMPILER_GLOBAL_ACCENT_COLOR_NAME = AccentColor;
				CODE_SIGN_ENTITLEMENTS = platiciti_redesign/platiciti_redesign.entitlements;
				CODE_SIGN_STYLE = Automatic;
				CURRENT_PROJECT_VERSION = 1;
				DEVELOPMENT_ASSET_PATHS = "\"platiciti_redesign/Preview Content\"";
				DEVELOPMENT_TEAM = ZV83F2R479;
				ENABLE_PREVIEWS = YES;
				GENERATE_INFOPLIST_FILE = YES;
				INFOPLIST_FILE = "platiciti-redesign-Info.plist";
				INFOPLIST_KEY_CFBundleDisplayName = Plasticiti;
				INFOPLIST_KEY_LSApplicationCategoryType = "public.app-category.education";
				INFOPLIST_KEY_UIApplicationSupportsIndirectInputEvents = YES;
				INFOPLIST_KEY_UILaunchScreen_Generation = YES;
				INFOPLIST_KEY_UISupportedInterfaceOrientations_iPad = "UIInterfaceOrientationPortrait UIInterfaceOrientationPortraitUpsideDown UIInterfaceOrientationLandscapeLeft UIInterfaceOrientationLandscapeRight";
				INFOPLIST_KEY_UISupportedInterfaceOrientations_iPhone = "UIInterfaceOrientationPortrait UIInterfaceOrientationLandscapeLeft UIInterfaceOrientationLandscapeRight";
				LD_RUNPATH_SEARCH_PATHS = (
					"$(inherited)",
					"@executable_path/Frameworks",
				);
				MARKETING_VERSION = 1.0;
				PRODUCT_BUNDLE_IDENTIFIER = "edu.fau.dzimmerman.platiciti-redesign";
				PRODUCT_NAME = "$(TARGET_NAME)";
				SWIFT_EMIT_LOC_STRINGS = YES;
				SWIFT_VERSION = 5.0;
				TARGETED_DEVICE_FAMILY = "1,2";
			};
			name = Debug;
		};
		3749D3D72A1AB9AB009FD1E7 /* Release */ = {
			isa = XCBuildConfiguration;
			buildSettings = {
				ASSETCATALOG_COMPILER_APPICON_NAME = AppIcon;
				ASSETCATALOG_COMPILER_GLOBAL_ACCENT_COLOR_NAME = AccentColor;
				CODE_SIGN_ENTITLEMENTS = platiciti_redesign/platiciti_redesign.entitlements;
				CODE_SIGN_STYLE = Automatic;
				CURRENT_PROJECT_VERSION = 1;
				DEVELOPMENT_ASSET_PATHS = "\"platiciti_redesign/Preview Content\"";
				DEVELOPMENT_TEAM = ZV83F2R479;
				ENABLE_PREVIEWS = YES;
				GENERATE_INFOPLIST_FILE = YES;
				INFOPLIST_FILE = "platiciti-redesign-Info.plist";
				INFOPLIST_KEY_CFBundleDisplayName = Plasticiti;
				INFOPLIST_KEY_LSApplicationCategoryType = "public.app-category.education";
				INFOPLIST_KEY_UIApplicationSupportsIndirectInputEvents = YES;
				INFOPLIST_KEY_UILaunchScreen_Generation = YES;
				INFOPLIST_KEY_UISupportedInterfaceOrientations_iPad = "UIInterfaceOrientationPortrait UIInterfaceOrientationPortraitUpsideDown UIInterfaceOrientationLandscapeLeft UIInterfaceOrientationLandscapeRight";
				INFOPLIST_KEY_UISupportedInterfaceOrientations_iPhone = "UIInterfaceOrientationPortrait UIInterfaceOrientationLandscapeLeft UIInterfaceOrientationLandscapeRight";
				LD_RUNPATH_SEARCH_PATHS = (
					"$(inherited)",
					"@executable_path/Frameworks",
				);
				MARKETING_VERSION = 1.0;
				PRODUCT_BUNDLE_IDENTIFIER = "edu.fau.dzimmerman.platiciti-redesign";
				PRODUCT_NAME = "$(TARGET_NAME)";
				SWIFT_EMIT_LOC_STRINGS = YES;
				SWIFT_VERSION = 5.0;
				TARGETED_DEVICE_FAMILY = "1,2";
			};
			name = Release;
		};
/* End XCBuildConfiguration section */

/* Begin XCConfigurationList section */
		3749D3C22A1AB9A5009FD1E7 /* Build configuration list for PBXProject "platiciti_redesign" */ = {
			isa = XCConfigurationList;
			buildConfigurations = (
				3749D3D32A1AB9AB009FD1E7 /* Debug */,
				3749D3D42A1AB9AB009FD1E7 /* Release */,
			);
			defaultConfigurationIsVisible = 0;
			defaultConfigurationName = Release;
		};
		3749D3D52A1AB9AB009FD1E7 /* Build configuration list for PBXNativeTarget "platiciti_redesign" */ = {
			isa = XCConfigurationList;
			buildConfigurations = (
				3749D3D62A1AB9AB009FD1E7 /* Debug */,
				3749D3D72A1AB9AB009FD1E7 /* Release */,
			);
			defaultConfigurationIsVisible = 0;
			defaultConfigurationName = Release;
		};
/* End XCConfigurationList section */

/* Begin XCRemoteSwiftPackageReference section */
		3711BC5A2A284490007A86CB /* XCRemoteSwiftPackageReference "GameCenterKit" */ = {
			isa = XCRemoteSwiftPackageReference;
			repositoryURL = "https://github.com/fserrazes/GameCenterKit.git";
			requirement = {
				kind = upToNextMajorVersion;
				minimumVersion = 0.2.2;
			};
		};
		37C65E5B2A23930500314B40 /* XCRemoteSwiftPackageReference "combine-schedulers" */ = {
			isa = XCRemoteSwiftPackageReference;
			repositoryURL = "https://github.com/pointfreeco/combine-schedulers";
			requirement = {
				kind = exactVersion;
				version = 0.5.3;
			};
		};
		37C65E5E2A23933900314B40 /* XCRemoteSwiftPackageReference "swift-case-paths" */ = {
			isa = XCRemoteSwiftPackageReference;
			repositoryURL = "https://github.com/pointfreeco/swift-case-paths";
			requirement = {
				kind = exactVersion;
				version = 0.8.0;
			};
		};
		37C65E612A23936D00314B40 /* XCRemoteSwiftPackageReference "swift-collections" */ = {
			isa = XCRemoteSwiftPackageReference;
			repositoryURL = "https://github.com/apple/swift-collections.git";
			requirement = {
				kind = exactVersion;
				version = 1.0.2;
			};
		};
		37C65E682A2393A500314B40 /* XCRemoteSwiftPackageReference "swift-composable-architecture" */ = {
			isa = XCRemoteSwiftPackageReference;
			repositoryURL = "https://github.com/pointfreeco/swift-composable-architecture.git";
			requirement = {
				kind = upToNextMajorVersion;
				minimumVersion = 0.9.0;
			};
		};
		37C65E6B2A2393D100314B40 /* XCRemoteSwiftPackageReference "swift-custom-dump" */ = {
			isa = XCRemoteSwiftPackageReference;
			repositoryURL = "https://github.com/pointfreeco/swift-custom-dump";
			requirement = {
				kind = exactVersion;
				version = 0.3.0;
			};
		};
		37C65E6E2A2393F500314B40 /* XCRemoteSwiftPackageReference "swift-identified-collections" */ = {
			isa = XCRemoteSwiftPackageReference;
			repositoryURL = "https://github.com/pointfreeco/swift-identified-collections";
			requirement = {
				kind = exactVersion;
				version = 0.3.2;
			};
		};
		37C65E712A23941400314B40 /* XCRemoteSwiftPackageReference "xctest-dynamic-overlay" */ = {
			isa = XCRemoteSwiftPackageReference;
			repositoryURL = "https://github.com/pointfreeco/xctest-dynamic-overlay";
			requirement = {
				kind = exactVersion;
				version = 0.2.1;
			};
		};
/* End XCRemoteSwiftPackageReference section */

/* Begin XCSwiftPackageProductDependency section */
		3711BC5B2A284490007A86CB /* GameCenterKit */ = {
			isa = XCSwiftPackageProductDependency;
			package = 3711BC5A2A284490007A86CB /* XCRemoteSwiftPackageReference "GameCenterKit" */;
			productName = GameCenterKit;
		};
		37C65E5C2A23930500314B40 /* CombineSchedulers */ = {
			isa = XCSwiftPackageProductDependency;
			package = 37C65E5B2A23930500314B40 /* XCRemoteSwiftPackageReference "combine-schedulers" */;
			productName = CombineSchedulers;
		};
		37C65E5F2A23933900314B40 /* CasePaths */ = {
			isa = XCSwiftPackageProductDependency;
			package = 37C65E5E2A23933900314B40 /* XCRemoteSwiftPackageReference "swift-case-paths" */;
			productName = CasePaths;
		};
		37C65E622A23936D00314B40 /* Collections */ = {
			isa = XCSwiftPackageProductDependency;
			package = 37C65E612A23936D00314B40 /* XCRemoteSwiftPackageReference "swift-collections" */;
			productName = Collections;
		};
		37C65E642A23936D00314B40 /* DequeModule */ = {
			isa = XCSwiftPackageProductDependency;
			package = 37C65E612A23936D00314B40 /* XCRemoteSwiftPackageReference "swift-collections" */;
			productName = DequeModule;
		};
		37C65E662A23936D00314B40 /* OrderedCollections */ = {
			isa = XCSwiftPackageProductDependency;
			package = 37C65E612A23936D00314B40 /* XCRemoteSwiftPackageReference "swift-collections" */;
			productName = OrderedCollections;
		};
		37C65E692A2393A500314B40 /* ComposableArchitecture */ = {
			isa = XCSwiftPackageProductDependency;
			package = 37C65E682A2393A500314B40 /* XCRemoteSwiftPackageReference "swift-composable-architecture" */;
			productName = ComposableArchitecture;
		};
		37C65E6C2A2393D100314B40 /* CustomDump */ = {
			isa = XCSwiftPackageProductDependency;
			package = 37C65E6B2A2393D100314B40 /* XCRemoteSwiftPackageReference "swift-custom-dump" */;
			productName = CustomDump;
		};
		37C65E6F2A2393F500314B40 /* IdentifiedCollections */ = {
			isa = XCSwiftPackageProductDependency;
			package = 37C65E6E2A2393F500314B40 /* XCRemoteSwiftPackageReference "swift-identified-collections" */;
			productName = IdentifiedCollections;
		};
		37C65E722A23941400314B40 /* XCTestDynamicOverlay */ = {
			isa = XCSwiftPackageProductDependency;
			package = 37C65E712A23941400314B40 /* XCRemoteSwiftPackageReference "xctest-dynamic-overlay" */;
			productName = XCTestDynamicOverlay;
		};
/* End XCSwiftPackageProductDependency section */
	};
	rootObject = 3749D3BF2A1AB9A5009FD1E7 /* Project object */;
}
