// !$*UTF8*$!
{
	archiveVersion = 1;
	classes = {
	};
	objectVersion = 56;
	objects = {

/* Begin PBXBuildFile section */
		371FDBC12A1B0B5F0050C353 /* LaunchScreenStep.swift in Sources */ = {isa = PBXBuildFile; fileRef = 371FDBC02A1B0B5F0050C353 /* LaunchScreenStep.swift */; };
		371FDBC32A1B0BA70050C353 /* LaunchScreenStateManager.swift in Sources */ = {isa = PBXBuildFile; fileRef = 371FDBC22A1B0BA70050C353 /* LaunchScreenStateManager.swift */; };
		371FDBC52A1B0C1D0050C353 /* LaunchScreenView.swift in Sources */ = {isa = PBXBuildFile; fileRef = 371FDBC42A1B0C1D0050C353 /* LaunchScreenView.swift */; };
		371FDBC72A1B0CCA0050C353 /* ContentView.swift in Sources */ = {isa = PBXBuildFile; fileRef = 371FDBC62A1B0CCA0050C353 /* ContentView.swift */; };
		371FDBCB2A1C10850050C353 /* TabBar.swift in Sources */ = {isa = PBXBuildFile; fileRef = 371FDBCA2A1C10850050C353 /* TabBar.swift */; };
		371FDBCD2A1C19DA0050C353 /* Tab.swift in Sources */ = {isa = PBXBuildFile; fileRef = 371FDBCC2A1C19DA0050C353 /* Tab.swift */; };
		373A6FBB2A1D43F4006924AC /* Styles.swift in Sources */ = {isa = PBXBuildFile; fileRef = 373A6FBA2A1D43F4006924AC /* Styles.swift */; };
		373A6FBF2A1D4835006924AC /* FeaturedItem.swift in Sources */ = {isa = PBXBuildFile; fileRef = 373A6FBE2A1D4835006924AC /* FeaturedItem.swift */; };
		373A6FC12A1D4A85006924AC /* NavigationBar.swift in Sources */ = {isa = PBXBuildFile; fileRef = 373A6FC02A1D4A85006924AC /* NavigationBar.swift */; };
		373A6FC32A1D593F006924AC /* PreferenceKeys.swift in Sources */ = {isa = PBXBuildFile; fileRef = 373A6FC22A1D593F006924AC /* PreferenceKeys.swift */; };
		373A6FC52A1D6259006924AC /* AnimatableFontModifier.swift in Sources */ = {isa = PBXBuildFile; fileRef = 373A6FC42A1D6259006924AC /* AnimatableFontModifier.swift */; };
		373A6FC72A1D89D7006924AC /* Game.swift in Sources */ = {isa = PBXBuildFile; fileRef = 373A6FC62A1D89D7006924AC /* Game.swift */; };
		373A6FC92A1D9829006924AC /* MatchedView.swift in Sources */ = {isa = PBXBuildFile; fileRef = 373A6FC82A1D9829006924AC /* MatchedView.swift */; };
		373A6FCB2A1DA6AB006924AC /* GameCenterView.swift in Sources */ = {isa = PBXBuildFile; fileRef = 373A6FCA2A1DA6AB006924AC /* GameCenterView.swift */; };
		3749D3CB2A1AB9A5009FD1E7 /* platiciti_redesignApp.swift in Sources */ = {isa = PBXBuildFile; fileRef = 3749D3CA2A1AB9A5009FD1E7 /* platiciti_redesignApp.swift */; };
		3749D3CF2A1AB9AB009FD1E7 /* Assets.xcassets in Resources */ = {isa = PBXBuildFile; fileRef = 3749D3CE2A1AB9AB009FD1E7 /* Assets.xcassets */; };
		3749D3D22A1AB9AB009FD1E7 /* Preview Assets.xcassets in Resources */ = {isa = PBXBuildFile; fileRef = 3749D3D12A1AB9AB009FD1E7 /* Preview Assets.xcassets */; };
		3749D3F22A1AE1C6009FD1E7 /* GamesView.swift in Sources */ = {isa = PBXBuildFile; fileRef = 3749D3F12A1AE1C6009FD1E7 /* GamesView.swift */; };
		3749D3F62A1AE240009FD1E7 /* iMessageView.swift in Sources */ = {isa = PBXBuildFile; fileRef = 3749D3F52A1AE240009FD1E7 /* iMessageView.swift */; };
		3749D3F82A1AE278009FD1E7 /* CalendarView.swift in Sources */ = {isa = PBXBuildFile; fileRef = 3749D3F72A1AE278009FD1E7 /* CalendarView.swift */; };
		3749D3FA2A1AE8A1009FD1E7 /* ShareView.swift in Sources */ = {isa = PBXBuildFile; fileRef = 3749D3F92A1AE8A1009FD1E7 /* ShareView.swift */; };
		37C65E332A21A22C00314B40 /* GameItem.swift in Sources */ = {isa = PBXBuildFile; fileRef = 37C65E322A21A22C00314B40 /* GameItem.swift */; };
		37C65E352A21A3D300314B40 /* GameView.swift in Sources */ = {isa = PBXBuildFile; fileRef = 37C65E342A21A3D300314B40 /* GameView.swift */; };
		37C65E372A21ADE300314B40 /* animations.swift in Sources */ = {isa = PBXBuildFile; fileRef = 37C65E362A21ADE300314B40 /* animations.swift */; };
/* End PBXBuildFile section */

/* Begin PBXFileReference section */
		371FDBC02A1B0B5F0050C353 /* LaunchScreenStep.swift */ = {isa = PBXFileReference; lastKnownFileType = sourcecode.swift; path = LaunchScreenStep.swift; sourceTree = "<group>"; };
		371FDBC22A1B0BA70050C353 /* LaunchScreenStateManager.swift */ = {isa = PBXFileReference; lastKnownFileType = sourcecode.swift; path = LaunchScreenStateManager.swift; sourceTree = "<group>"; };
		371FDBC42A1B0C1D0050C353 /* LaunchScreenView.swift */ = {isa = PBXFileReference; lastKnownFileType = sourcecode.swift; path = LaunchScreenView.swift; sourceTree = "<group>"; };
		371FDBC62A1B0CCA0050C353 /* ContentView.swift */ = {isa = PBXFileReference; lastKnownFileType = sourcecode.swift; path = ContentView.swift; sourceTree = "<group>"; };
		371FDBCA2A1C10850050C353 /* TabBar.swift */ = {isa = PBXFileReference; lastKnownFileType = sourcecode.swift; path = TabBar.swift; sourceTree = "<group>"; };
		371FDBCC2A1C19DA0050C353 /* Tab.swift */ = {isa = PBXFileReference; lastKnownFileType = sourcecode.swift; path = Tab.swift; sourceTree = "<group>"; };
		373A6FBA2A1D43F4006924AC /* Styles.swift */ = {isa = PBXFileReference; lastKnownFileType = sourcecode.swift; path = Styles.swift; sourceTree = "<group>"; };
		373A6FBE2A1D4835006924AC /* FeaturedItem.swift */ = {isa = PBXFileReference; lastKnownFileType = sourcecode.swift; path = FeaturedItem.swift; sourceTree = "<group>"; };
		373A6FC02A1D4A85006924AC /* NavigationBar.swift */ = {isa = PBXFileReference; lastKnownFileType = sourcecode.swift; path = NavigationBar.swift; sourceTree = "<group>"; };
		373A6FC22A1D593F006924AC /* PreferenceKeys.swift */ = {isa = PBXFileReference; lastKnownFileType = sourcecode.swift; path = PreferenceKeys.swift; sourceTree = "<group>"; };
		373A6FC42A1D6259006924AC /* AnimatableFontModifier.swift */ = {isa = PBXFileReference; lastKnownFileType = sourcecode.swift; path = AnimatableFontModifier.swift; sourceTree = "<group>"; };
		373A6FC62A1D89D7006924AC /* Game.swift */ = {isa = PBXFileReference; lastKnownFileType = sourcecode.swift; path = Game.swift; sourceTree = "<group>"; };
		373A6FC82A1D9829006924AC /* MatchedView.swift */ = {isa = PBXFileReference; lastKnownFileType = sourcecode.swift; path = MatchedView.swift; sourceTree = "<group>"; };
		373A6FCA2A1DA6AB006924AC /* GameCenterView.swift */ = {isa = PBXFileReference; lastKnownFileType = sourcecode.swift; path = GameCenterView.swift; sourceTree = "<group>"; };
		3749D3C72A1AB9A5009FD1E7 /* platiciti_redesign.app */ = {isa = PBXFileReference; explicitFileType = wrapper.application; includeInIndex = 0; path = platiciti_redesign.app; sourceTree = BUILT_PRODUCTS_DIR; };
		3749D3CA2A1AB9A5009FD1E7 /* platiciti_redesignApp.swift */ = {isa = PBXFileReference; lastKnownFileType = sourcecode.swift; path = platiciti_redesignApp.swift; sourceTree = "<group>"; };
		3749D3CE2A1AB9AB009FD1E7 /* Assets.xcassets */ = {isa = PBXFileReference; lastKnownFileType = folder.assetcatalog; path = Assets.xcassets; sourceTree = "<group>"; };
		3749D3D12A1AB9AB009FD1E7 /* Preview Assets.xcassets */ = {isa = PBXFileReference; lastKnownFileType = folder.assetcatalog; path = "Preview Assets.xcassets"; sourceTree = "<group>"; };
		3749D3F12A1AE1C6009FD1E7 /* GamesView.swift */ = {isa = PBXFileReference; lastKnownFileType = sourcecode.swift; path = GamesView.swift; sourceTree = "<group>"; };
		3749D3F52A1AE240009FD1E7 /* iMessageView.swift */ = {isa = PBXFileReference; lastKnownFileType = sourcecode.swift; path = iMessageView.swift; sourceTree = "<group>"; };
		3749D3F72A1AE278009FD1E7 /* CalendarView.swift */ = {isa = PBXFileReference; lastKnownFileType = sourcecode.swift; path = CalendarView.swift; sourceTree = "<group>"; };
		3749D3F92A1AE8A1009FD1E7 /* ShareView.swift */ = {isa = PBXFileReference; lastKnownFileType = sourcecode.swift; path = ShareView.swift; sourceTree = "<group>"; };
		37C65E322A21A22C00314B40 /* GameItem.swift */ = {isa = PBXFileReference; lastKnownFileType = sourcecode.swift; path = GameItem.swift; sourceTree = "<group>"; };
		37C65E342A21A3D300314B40 /* GameView.swift */ = {isa = PBXFileReference; lastKnownFileType = sourcecode.swift; path = GameView.swift; sourceTree = "<group>"; };
		37C65E362A21ADE300314B40 /* animations.swift */ = {isa = PBXFileReference; lastKnownFileType = sourcecode.swift; path = animations.swift; sourceTree = "<group>"; };
/* End PBXFileReference section */

/* Begin PBXFrameworksBuildPhase section */
		3749D3C42A1AB9A5009FD1E7 /* Frameworks */ = {
			isa = PBXFrameworksBuildPhase;
			buildActionMask = 2147483647;
			files = (
			);
			runOnlyForDeploymentPostprocessing = 0;
		};
/* End PBXFrameworksBuildPhase section */

/* Begin PBXGroup section */
		373A6FB62A1D413D006924AC /* Navigation */ = {
			isa = PBXGroup;
			children = (
				371FDBC62A1B0CCA0050C353 /* ContentView.swift */,
				371FDBCA2A1C10850050C353 /* TabBar.swift */,
				373A6FC02A1D4A85006924AC /* NavigationBar.swift */,
			);
			path = Navigation;
			sourceTree = "<group>";
		};
		373A6FB72A1D4166006924AC /* Views */ = {
			isa = PBXGroup;
			children = (
				373A6FCA2A1DA6AB006924AC /* GameCenterView.swift */,
				3749D3F52A1AE240009FD1E7 /* iMessageView.swift */,
				3749D3F92A1AE8A1009FD1E7 /* ShareView.swift */,
				3749D3F72A1AE278009FD1E7 /* CalendarView.swift */,
				3749D3F12A1AE1C6009FD1E7 /* GamesView.swift */,
				373A6FC82A1D9829006924AC /* MatchedView.swift */,
				37C65E342A21A3D300314B40 /* GameView.swift */,
			);
			path = Views;
			sourceTree = "<group>";
		};
		373A6FB82A1D4203006924AC /* Model */ = {
			isa = PBXGroup;
			children = (
				371FDBCC2A1C19DA0050C353 /* Tab.swift */,
				373A6FC22A1D593F006924AC /* PreferenceKeys.swift */,
				373A6FC62A1D89D7006924AC /* Game.swift */,
			);
			path = Model;
			sourceTree = "<group>";
		};
		373A6FB92A1D421B006924AC /* LaunchScreen */ = {
			isa = PBXGroup;
			children = (
				371FDBC22A1B0BA70050C353 /* LaunchScreenStateManager.swift */,
				371FDBC42A1B0C1D0050C353 /* LaunchScreenView.swift */,
				371FDBC02A1B0B5F0050C353 /* LaunchScreenStep.swift */,
			);
			path = LaunchScreen;
			sourceTree = "<group>";
		};
		373A6FBC2A1D45D4006924AC /* Styles */ = {
			isa = PBXGroup;
			children = (
				373A6FBA2A1D43F4006924AC /* Styles.swift */,
				373A6FC42A1D6259006924AC /* AnimatableFontModifier.swift */,
				37C65E362A21ADE300314B40 /* animations.swift */,
			);
			path = Styles;
			sourceTree = "<group>";
		};
		373A6FBD2A1D480D006924AC /* Components */ = {
			isa = PBXGroup;
			children = (
				373A6FBE2A1D4835006924AC /* FeaturedItem.swift */,
				37C65E322A21A22C00314B40 /* GameItem.swift */,
			);
			path = Components;
			sourceTree = "<group>";
		};
		3749D3BE2A1AB9A5009FD1E7 = {
			isa = PBXGroup;
			children = (
				3749D3C92A1AB9A5009FD1E7 /* platiciti_redesign */,
				3749D3C82A1AB9A5009FD1E7 /* Products */,
			);
			sourceTree = "<group>";
		};
		3749D3C82A1AB9A5009FD1E7 /* Products */ = {
			isa = PBXGroup;
			children = (
				3749D3C72A1AB9A5009FD1E7 /* platiciti_redesign.app */,
			);
			name = Products;
			sourceTree = "<group>";
		};
		3749D3C92A1AB9A5009FD1E7 /* platiciti_redesign */ = {
			isa = PBXGroup;
			children = (
				3749D3D02A1AB9AB009FD1E7 /* Preview Content */,
				3749D3CE2A1AB9AB009FD1E7 /* Assets.xcassets */,
				3749D3CA2A1AB9A5009FD1E7 /* platiciti_redesignApp.swift */,
				373A6FB62A1D413D006924AC /* Navigation */,
				373A6FB72A1D4166006924AC /* Views */,
				373A6FBD2A1D480D006924AC /* Components */,
				373A6FB82A1D4203006924AC /* Model */,
				373A6FBC2A1D45D4006924AC /* Styles */,
				373A6FB92A1D421B006924AC /* LaunchScreen */,
			);
			path = platiciti_redesign;
			sourceTree = "<group>";
		};
		3749D3D02A1AB9AB009FD1E7 /* Preview Content */ = {
			isa = PBXGroup;
			children = (
				3749D3D12A1AB9AB009FD1E7 /* Preview Assets.xcassets */,
			);
			path = "Preview Content";
			sourceTree = "<group>";
		};
/* End PBXGroup section */

/* Begin PBXNativeTarget section */
		3749D3C62A1AB9A5009FD1E7 /* platiciti_redesign */ = {
			isa = PBXNativeTarget;
			buildConfigurationList = 3749D3D52A1AB9AB009FD1E7 /* Build configuration list for PBXNativeTarget "platiciti_redesign" */;
			buildPhases = (
				3749D3C32A1AB9A5009FD1E7 /* Sources */,
				3749D3C42A1AB9A5009FD1E7 /* Frameworks */,
				3749D3C52A1AB9A5009FD1E7 /* Resources */,
			);
			buildRules = (
			);
			dependencies = (
			);
			name = platiciti_redesign;
			productName = platiciti_redesign;
			productReference = 3749D3C72A1AB9A5009FD1E7 /* platiciti_redesign.app */;
			productType = "com.apple.product-type.application";
		};
/* End PBXNativeTarget section */

/* Begin PBXProject section */
		3749D3BF2A1AB9A5009FD1E7 /* Project object */ = {
			isa = PBXProject;
			attributes = {
				BuildIndependentTargetsInParallel = 1;
				LastSwiftUpdateCheck = 1410;
				LastUpgradeCheck = 1410;
				TargetAttributes = {
					3749D3C62A1AB9A5009FD1E7 = {
						CreatedOnToolsVersion = 14.1;
					};
				};
			};
			buildConfigurationList = 3749D3C22A1AB9A5009FD1E7 /* Build configuration list for PBXProject "platiciti_redesign" */;
			compatibilityVersion = "Xcode 14.0";
			developmentRegion = en;
			hasScannedForEncodings = 0;
			knownRegions = (
				en,
				Base,
			);
			mainGroup = 3749D3BE2A1AB9A5009FD1E7;
			productRefGroup = 3749D3C82A1AB9A5009FD1E7 /* Products */;
			projectDirPath = "";
			projectRoot = "";
			targets = (
				3749D3C62A1AB9A5009FD1E7 /* platiciti_redesign */,
			);
		};
/* End PBXProject section */

/* Begin PBXResourcesBuildPhase section */
		3749D3C52A1AB9A5009FD1E7 /* Resources */ = {
			isa = PBXResourcesBuildPhase;
			buildActionMask = 2147483647;
			files = (
				3749D3D22A1AB9AB009FD1E7 /* Preview Assets.xcassets in Resources */,
				3749D3CF2A1AB9AB009FD1E7 /* Assets.xcassets in Resources */,
			);
			runOnlyForDeploymentPostprocessing = 0;
		};
/* End PBXResourcesBuildPhase section */

/* Begin PBXSourcesBuildPhase section */
		3749D3C32A1AB9A5009FD1E7 /* Sources */ = {
			isa = PBXSourcesBuildPhase;
			buildActionMask = 2147483647;
			files = (
				373A6FC72A1D89D7006924AC /* Game.swift in Sources */,
				371FDBC12A1B0B5F0050C353 /* LaunchScreenStep.swift in Sources */,
				37C65E332A21A22C00314B40 /* GameItem.swift in Sources */,
				371FDBC72A1B0CCA0050C353 /* ContentView.swift in Sources */,
				373A6FBB2A1D43F4006924AC /* Styles.swift in Sources */,
				3749D3FA2A1AE8A1009FD1E7 /* ShareView.swift in Sources */,
				373A6FBF2A1D4835006924AC /* FeaturedItem.swift in Sources */,
				373A6FC12A1D4A85006924AC /* NavigationBar.swift in Sources */,
				3749D3F82A1AE278009FD1E7 /* CalendarView.swift in Sources */,
				3749D3F22A1AE1C6009FD1E7 /* GamesView.swift in Sources */,
				373A6FC52A1D6259006924AC /* AnimatableFontModifier.swift in Sources */,
				371FDBC52A1B0C1D0050C353 /* LaunchScreenView.swift in Sources */,
				371FDBC32A1B0BA70050C353 /* LaunchScreenStateManager.swift in Sources */,
				37C65E352A21A3D300314B40 /* GameView.swift in Sources */,
				37C65E372A21ADE300314B40 /* animations.swift in Sources */,
				373A6FC32A1D593F006924AC /* PreferenceKeys.swift in Sources */,
				371FDBCB2A1C10850050C353 /* TabBar.swift in Sources */,
				3749D3CB2A1AB9A5009FD1E7 /* platiciti_redesignApp.swift in Sources */,
				3749D3F62A1AE240009FD1E7 /* iMessageView.swift in Sources */,
				373A6FC92A1D9829006924AC /* MatchedView.swift in Sources */,
				371FDBCD2A1C19DA0050C353 /* Tab.swift in Sources */,
				373A6FCB2A1DA6AB006924AC /* GameCenterView.swift in Sources */,
			);
			runOnlyForDeploymentPostprocessing = 0;
		};
/* End PBXSourcesBuildPhase section */

/* Begin XCBuildConfiguration section */
		3749D3D32A1AB9AB009FD1E7 /* Debug */ = {
			isa = XCBuildConfiguration;
			buildSettings = {
				ALWAYS_SEARCH_USER_PATHS = NO;
				CLANG_ANALYZER_NONNULL = YES;
				CLANG_ANALYZER_NUMBER_OBJECT_CONVERSION = YES_AGGRESSIVE;
				CLANG_CXX_LANGUAGE_STANDARD = "gnu++20";
				CLANG_ENABLE_MODULES = YES;
				CLANG_ENABLE_OBJC_ARC = YES;
				CLANG_ENABLE_OBJC_WEAK = YES;
				CLANG_WARN_BLOCK_CAPTURE_AUTORELEASING = YES;
				CLANG_WARN_BOOL_CONVERSION = YES;
				CLANG_WARN_COMMA = YES;
				CLANG_WARN_CONSTANT_CONVERSION = YES;
				CLANG_WARN_DEPRECATED_OBJC_IMPLEMENTATIONS = YES;
				CLANG_WARN_DIRECT_OBJC_ISA_USAGE = YES_ERROR;
				CLANG_WARN_DOCUMENTATION_COMMENTS = YES;
				CLANG_WARN_EMPTY_BODY = YES;
				CLANG_WARN_ENUM_CONVERSION = YES;
				CLANG_WARN_INFINITE_RECURSION = YES;
				CLANG_WARN_INT_CONVERSION = YES;
				CLANG_WARN_NON_LITERAL_NULL_CONVERSION = YES;
				CLANG_WARN_OBJC_IMPLICIT_RETAIN_SELF = YES;
				CLANG_WARN_OBJC_LITERAL_CONVERSION = YES;
				CLANG_WARN_OBJC_ROOT_CLASS = YES_ERROR;
				CLANG_WARN_QUOTED_INCLUDE_IN_FRAMEWORK_HEADER = YES;
				CLANG_WARN_RANGE_LOOP_ANALYSIS = YES;
				CLANG_WARN_STRICT_PROTOTYPES = YES;
				CLANG_WARN_SUSPICIOUS_MOVE = YES;
				CLANG_WARN_UNGUARDED_AVAILABILITY = YES_AGGRESSIVE;
				CLANG_WARN_UNREACHABLE_CODE = YES;
				CLANG_WARN__DUPLICATE_METHOD_MATCH = YES;
				COPY_PHASE_STRIP = NO;
				DEBUG_INFORMATION_FORMAT = dwarf;
				ENABLE_STRICT_OBJC_MSGSEND = YES;
				ENABLE_TESTABILITY = YES;
				GCC_C_LANGUAGE_STANDARD = gnu11;
				GCC_DYNAMIC_NO_PIC = NO;
				GCC_NO_COMMON_BLOCKS = YES;
				GCC_OPTIMIZATION_LEVEL = 0;
				GCC_PREPROCESSOR_DEFINITIONS = (
					"DEBUG=1",
					"$(inherited)",
				);
				GCC_WARN_64_TO_32_BIT_CONVERSION = YES;
				GCC_WARN_ABOUT_RETURN_TYPE = YES_ERROR;
				GCC_WARN_UNDECLARED_SELECTOR = YES;
				GCC_WARN_UNINITIALIZED_AUTOS = YES_AGGRESSIVE;
				GCC_WARN_UNUSED_FUNCTION = YES;
				GCC_WARN_UNUSED_VARIABLE = YES;
				IPHONEOS_DEPLOYMENT_TARGET = 16.1;
				MTL_ENABLE_DEBUG_INFO = INCLUDE_SOURCE;
				MTL_FAST_MATH = YES;
				ONLY_ACTIVE_ARCH = YES;
				SDKROOT = iphoneos;
				SWIFT_ACTIVE_COMPILATION_CONDITIONS = DEBUG;
				SWIFT_OPTIMIZATION_LEVEL = "-Onone";
			};
			name = Debug;
		};
		3749D3D42A1AB9AB009FD1E7 /* Release */ = {
			isa = XCBuildConfiguration;
			buildSettings = {
				ALWAYS_SEARCH_USER_PATHS = NO;
				CLANG_ANALYZER_NONNULL = YES;
				CLANG_ANALYZER_NUMBER_OBJECT_CONVERSION = YES_AGGRESSIVE;
				CLANG_CXX_LANGUAGE_STANDARD = "gnu++20";
				CLANG_ENABLE_MODULES = YES;
				CLANG_ENABLE_OBJC_ARC = YES;
				CLANG_ENABLE_OBJC_WEAK = YES;
				CLANG_WARN_BLOCK_CAPTURE_AUTORELEASING = YES;
				CLANG_WARN_BOOL_CONVERSION = YES;
				CLANG_WARN_COMMA = YES;
				CLANG_WARN_CONSTANT_CONVERSION = YES;
				CLANG_WARN_DEPRECATED_OBJC_IMPLEMENTATIONS = YES;
				CLANG_WARN_DIRECT_OBJC_ISA_USAGE = YES_ERROR;
				CLANG_WARN_DOCUMENTATION_COMMENTS = YES;
				CLANG_WARN_EMPTY_BODY = YES;
				CLANG_WARN_ENUM_CONVERSION = YES;
				CLANG_WARN_INFINITE_RECURSION = YES;
				CLANG_WARN_INT_CONVERSION = YES;
				CLANG_WARN_NON_LITERAL_NULL_CONVERSION = YES;
				CLANG_WARN_OBJC_IMPLICIT_RETAIN_SELF = YES;
				CLANG_WARN_OBJC_LITERAL_CONVERSION = YES;
				CLANG_WARN_OBJC_ROOT_CLASS = YES_ERROR;
				CLANG_WARN_QUOTED_INCLUDE_IN_FRAMEWORK_HEADER = YES;
				CLANG_WARN_RANGE_LOOP_ANALYSIS = YES;
				CLANG_WARN_STRICT_PROTOTYPES = YES;
				CLANG_WARN_SUSPICIOUS_MOVE = YES;
				CLANG_WARN_UNGUARDED_AVAILABILITY = YES_AGGRESSIVE;
				CLANG_WARN_UNREACHABLE_CODE = YES;
				CLANG_WARN__DUPLICATE_METHOD_MATCH = YES;
				COPY_PHASE_STRIP = NO;
				DEBUG_INFORMATION_FORMAT = "dwarf-with-dsym";
				ENABLE_NS_ASSERTIONS = NO;
				ENABLE_STRICT_OBJC_MSGSEND = YES;
				GCC_C_LANGUAGE_STANDARD = gnu11;
				GCC_NO_COMMON_BLOCKS = YES;
				GCC_WARN_64_TO_32_BIT_CONVERSION = YES;
				GCC_WARN_ABOUT_RETURN_TYPE = YES_ERROR;
				GCC_WARN_UNDECLARED_SELECTOR = YES;
				GCC_WARN_UNINITIALIZED_AUTOS = YES_AGGRESSIVE;
				GCC_WARN_UNUSED_FUNCTION = YES;
				GCC_WARN_UNUSED_VARIABLE = YES;
				IPHONEOS_DEPLOYMENT_TARGET = 16.1;
				MTL_ENABLE_DEBUG_INFO = NO;
				MTL_FAST_MATH = YES;
				SDKROOT = iphoneos;
				SWIFT_COMPILATION_MODE = wholemodule;
				SWIFT_OPTIMIZATION_LEVEL = "-O";
				VALIDATE_PRODUCT = YES;
			};
			name = Release;
		};
		3749D3D62A1AB9AB009FD1E7 /* Debug */ = {
			isa = XCBuildConfiguration;
			buildSettings = {
				ASSETCATALOG_COMPILER_APPICON_NAME = AppIcon;
				ASSETCATALOG_COMPILER_GLOBAL_ACCENT_COLOR_NAME = AccentColor;
				CODE_SIGN_STYLE = Automatic;
				CURRENT_PROJECT_VERSION = 1;
				DEVELOPMENT_ASSET_PATHS = "\"platiciti_redesign/Preview Content\"";
				DEVELOPMENT_TEAM = ZV83F2R479;
				ENABLE_PREVIEWS = YES;
				GENERATE_INFOPLIST_FILE = YES;
				INFOPLIST_KEY_UIApplicationSceneManifest_Generation = YES;
				INFOPLIST_KEY_UIApplicationSupportsIndirectInputEvents = YES;
				INFOPLIST_KEY_UILaunchScreen_Generation = YES;
				INFOPLIST_KEY_UISupportedInterfaceOrientations_iPad = "UIInterfaceOrientationPortrait UIInterfaceOrientationPortraitUpsideDown UIInterfaceOrientationLandscapeLeft UIInterfaceOrientationLandscapeRight";
				INFOPLIST_KEY_UISupportedInterfaceOrientations_iPhone = "UIInterfaceOrientationPortrait UIInterfaceOrientationLandscapeLeft UIInterfaceOrientationLandscapeRight";
				LD_RUNPATH_SEARCH_PATHS = (
					"$(inherited)",
					"@executable_path/Frameworks",
				);
				MARKETING_VERSION = 1.0;
				PRODUCT_BUNDLE_IDENTIFIER = "edu.fau.dzimmerman.platiciti-redesign";
				PRODUCT_NAME = "$(TARGET_NAME)";
				SWIFT_EMIT_LOC_STRINGS = YES;
				SWIFT_VERSION = 5.0;
				TARGETED_DEVICE_FAMILY = "1,2";
			};
			name = Debug;
		};
		3749D3D72A1AB9AB009FD1E7 /* Release */ = {
			isa = XCBuildConfiguration;
			buildSettings = {
				ASSETCATALOG_COMPILER_APPICON_NAME = AppIcon;
				ASSETCATALOG_COMPILER_GLOBAL_ACCENT_COLOR_NAME = AccentColor;
				CODE_SIGN_STYLE = Automatic;
				CURRENT_PROJECT_VERSION = 1;
				DEVELOPMENT_ASSET_PATHS = "\"platiciti_redesign/Preview Content\"";
				DEVELOPMENT_TEAM = ZV83F2R479;
				ENABLE_PREVIEWS = YES;
				GENERATE_INFOPLIST_FILE = YES;
				INFOPLIST_KEY_UIApplicationSceneManifest_Generation = YES;
				INFOPLIST_KEY_UIApplicationSupportsIndirectInputEvents = YES;
				INFOPLIST_KEY_UILaunchScreen_Generation = YES;
				INFOPLIST_KEY_UISupportedInterfaceOrientations_iPad = "UIInterfaceOrientationPortrait UIInterfaceOrientationPortraitUpsideDown UIInterfaceOrientationLandscapeLeft UIInterfaceOrientationLandscapeRight";
				INFOPLIST_KEY_UISupportedInterfaceOrientations_iPhone = "UIInterfaceOrientationPortrait UIInterfaceOrientationLandscapeLeft UIInterfaceOrientationLandscapeRight";
				LD_RUNPATH_SEARCH_PATHS = (
					"$(inherited)",
					"@executable_path/Frameworks",
				);
				MARKETING_VERSION = 1.0;
				PRODUCT_BUNDLE_IDENTIFIER = "edu.fau.dzimmerman.platiciti-redesign";
				PRODUCT_NAME = "$(TARGET_NAME)";
				SWIFT_EMIT_LOC_STRINGS = YES;
				SWIFT_VERSION = 5.0;
				TARGETED_DEVICE_FAMILY = "1,2";
			};
			name = Release;
		};
/* End XCBuildConfiguration section */

/* Begin XCConfigurationList section */
		3749D3C22A1AB9A5009FD1E7 /* Build configuration list for PBXProject "platiciti_redesign" */ = {
			isa = XCConfigurationList;
			buildConfigurations = (
				3749D3D32A1AB9AB009FD1E7 /* Debug */,
				3749D3D42A1AB9AB009FD1E7 /* Release */,
			);
			defaultConfigurationIsVisible = 0;
			defaultConfigurationName = Release;
		};
		3749D3D52A1AB9AB009FD1E7 /* Build configuration list for PBXNativeTarget "platiciti_redesign" */ = {
			isa = XCConfigurationList;
			buildConfigurations = (
				3749D3D62A1AB9AB009FD1E7 /* Debug */,
				3749D3D72A1AB9AB009FD1E7 /* Release */,
			);
			defaultConfigurationIsVisible = 0;
			defaultConfigurationName = Release;
		};
/* End XCConfigurationList section */
	};
	rootObject = 3749D3BF2A1AB9A5009FD1E7 /* Project object */;
}
